// !$*UTF8*$!
{
	archiveVersion = 1;
	classes = {
	};
	objectVersion = 55;
	objects = {

/* Begin PBXBuildFile section */
		64BFD62E29C362ED009B090B /* AppDelegate.swift in Sources */ = {isa = PBXBuildFile; fileRef = 64BFD62D29C362ED009B090B /* AppDelegate.swift */; };
		64BFD63029C362ED009B090B /* SceneDelegate.swift in Sources */ = {isa = PBXBuildFile; fileRef = 64BFD62F29C362ED009B090B /* SceneDelegate.swift */; };
		64BFD63229C362ED009B090B /* ViewController.swift in Sources */ = {isa = PBXBuildFile; fileRef = 64BFD63129C362ED009B090B /* ViewController.swift */; };
		64BFD63529C362ED009B090B /* Main.storyboard in Resources */ = {isa = PBXBuildFile; fileRef = 64BFD63329C362ED009B090B /* Main.storyboard */; };
		64BFD63729C362EE009B090B /* Assets.xcassets in Resources */ = {isa = PBXBuildFile; fileRef = 64BFD63629C362EE009B090B /* Assets.xcassets */; };
		64BFD63A29C362EE009B090B /* LaunchScreen.storyboard in Resources */ = {isa = PBXBuildFile; fileRef = 64BFD63829C362EE009B090B /* LaunchScreen.storyboard */; };
		64BFD64529C362EF009B090B /* CourseDisplayApp1Tests.swift in Sources */ = {isa = PBXBuildFile; fileRef = 64BFD64429C362EF009B090B /* CourseDisplayApp1Tests.swift */; };
		64BFD64F29C362EF009B090B /* CourseDisplayApp1UITests.swift in Sources */ = {isa = PBXBuildFile; fileRef = 64BFD64E29C362EF009B090B /* CourseDisplayApp1UITests.swift */; };
		64BFD65129C362EF009B090B /* CourseDisplayApp1UITestsLaunchTests.swift in Sources */ = {isa = PBXBuildFile; fileRef = 64BFD65029C362EF009B090B /* CourseDisplayApp1UITestsLaunchTests.swift */; };
/* End PBXBuildFile section */

/* Begin PBXContainerItemProxy section */
		64BFD64129C362EF009B090B /* PBXContainerItemProxy */ = {
			isa = PBXContainerItemProxy;
			containerPortal = 64BFD62229C362ED009B090B /* Project object */;
			proxyType = 1;
			remoteGlobalIDString = 64BFD62929C362ED009B090B;
			remoteInfo = CourseDisplayApp1;
		};
		64BFD64B29C362EF009B090B /* PBXContainerItemProxy */ = {
			isa = PBXContainerItemProxy;
			containerPortal = 64BFD62229C362ED009B090B /* Project object */;
			proxyType = 1;
			remoteGlobalIDString = 64BFD62929C362ED009B090B;
			remoteInfo = CourseDisplayApp1;
		};
/* End PBXContainerItemProxy section */

/* Begin PBXFileReference section */
		64BFD62A29C362ED009B090B /* CourseDisplayApp1.app */ = {isa = PBXFileReference; explicitFileType = wrapper.application; includeInIndex = 0; path = CourseDisplayApp1.app; sourceTree = BUILT_PRODUCTS_DIR; };
		64BFD62D29C362ED009B090B /* AppDelegate.swift */ = {isa = PBXFileReference; lastKnownFileType = sourcecode.swift; path = AppDelegate.swift; sourceTree = "<group>"; };
		64BFD62F29C362ED009B090B /* SceneDelegate.swift */ = {isa = PBXFileReference; lastKnownFileType = sourcecode.swift; path = SceneDelegate.swift; sourceTree = "<group>"; };
		64BFD63129C362ED009B090B /* ViewController.swift */ = {isa = PBXFileReference; lastKnownFileType = sourcecode.swift; path = ViewController.swift; sourceTree = "<group>"; };
		64BFD63429C362ED009B090B /* Base */ = {isa = PBXFileReference; lastKnownFileType = file.storyboard; name = Base; path = Base.lproj/Main.storyboard; sourceTree = "<group>"; };
		64BFD63629C362EE009B090B /* Assets.xcassets */ = {isa = PBXFileReference; lastKnownFileType = folder.assetcatalog; path = Assets.xcassets; sourceTree = "<group>"; };
		64BFD63929C362EE009B090B /* Base */ = {isa = PBXFileReference; lastKnownFileType = file.storyboard; name = Base; path = Base.lproj/LaunchScreen.storyboard; sourceTree = "<group>"; };
		64BFD63B29C362EE009B090B /* Info.plist */ = {isa = PBXFileReference; lastKnownFileType = text.plist.xml; path = Info.plist; sourceTree = "<group>"; };
		64BFD64029C362EF009B090B /* CourseDisplayApp1Tests.xctest */ = {isa = PBXFileReference; explicitFileType = wrapper.cfbundle; includeInIndex = 0; path = CourseDisplayApp1Tests.xctest; sourceTree = BUILT_PRODUCTS_DIR; };
		64BFD64429C362EF009B090B /* CourseDisplayApp1Tests.swift */ = {isa = PBXFileReference; lastKnownFileType = sourcecode.swift; path = CourseDisplayApp1Tests.swift; sourceTree = "<group>"; };
		64BFD64A29C362EF009B090B /* CourseDisplayApp1UITests.xctest */ = {isa = PBXFileReference; explicitFileType = wrapper.cfbundle; includeInIndex = 0; path = CourseDisplayApp1UITests.xctest; sourceTree = BUILT_PRODUCTS_DIR; };
		64BFD64E29C362EF009B090B /* CourseDisplayApp1UITests.swift */ = {isa = PBXFileReference; lastKnownFileType = sourcecode.swift; path = CourseDisplayApp1UITests.swift; sourceTree = "<group>"; };
		64BFD65029C362EF009B090B /* CourseDisplayApp1UITestsLaunchTests.swift */ = {isa = PBXFileReference; lastKnownFileType = sourcecode.swift; path = CourseDisplayApp1UITestsLaunchTests.swift; sourceTree = "<group>"; };
/* End PBXFileReference section */

/* Begin PBXFrameworksBuildPhase section */
		64BFD62729C362ED009B090B /* Frameworks */ = {
			isa = PBXFrameworksBuildPhase;
			buildActionMask = 2147483647;
			files = (
			);
			runOnlyForDeploymentPostprocessing = 0;
		};
		64BFD63D29C362EF009B090B /* Frameworks */ = {
			isa = PBXFrameworksBuildPhase;
			buildActionMask = 2147483647;
			files = (
			);
			runOnlyForDeploymentPostprocessing = 0;
		};
		64BFD64729C362EF009B090B /* Frameworks */ = {
			isa = PBXFrameworksBuildPhase;
			buildActionMask = 2147483647;
			files = (
			);
			runOnlyForDeploymentPostprocessing = 0;
		};
/* End PBXFrameworksBuildPhase section */

/* Begin PBXGroup section */
		64BFD62129C362ED009B090B = {
			isa = PBXGroup;
			children = (
				64BFD62C29C362ED009B090B /* CourseDisplayApp1 */,
				64BFD64329C362EF009B090B /* CourseDisplayApp1Tests */,
				64BFD64D29C362EF009B090B /* CourseDisplayApp1UITests */,
				64BFD62B29C362ED009B090B /* Products */,
			);
			sourceTree = "<group>";
		};
		64BFD62B29C362ED009B090B /* Products */ = {
			isa = PBXGroup;
			children = (
				64BFD62A29C362ED009B090B /* CourseDisplayApp1.app */,
				64BFD64029C362EF009B090B /* CourseDisplayApp1Tests.xctest */,
				64BFD64A29C362EF009B090B /* CourseDisplayApp1UITests.xctest */,
			);
			name = Products;
			sourceTree = "<group>";
		};
		64BFD62C29C362ED009B090B /* CourseDisplayApp1 */ = {
			isa = PBXGroup;
			children = (
				64BFD62D29C362ED009B090B /* AppDelegate.swift */,
				64BFD62F29C362ED009B090B /* SceneDelegate.swift */,
				64BFD63129C362ED009B090B /* ViewController.swift */,
				64BFD63329C362ED009B090B /* Main.storyboard */,
				64BFD63629C362EE009B090B /* Assets.xcassets */,
				64BFD63829C362EE009B090B /* LaunchScreen.storyboard */,
				64BFD63B29C362EE009B090B /* Info.plist */,
			);
			path = CourseDisplayApp1;
			sourceTree = "<group>";
		};
		64BFD64329C362EF009B090B /* CourseDisplayApp1Tests */ = {
			isa = PBXGroup;
			children = (
				64BFD64429C362EF009B090B /* CourseDisplayApp1Tests.swift */,
			);
			path = CourseDisplayApp1Tests;
			sourceTree = "<group>";
		};
		64BFD64D29C362EF009B090B /* CourseDisplayApp1UITests */ = {
			isa = PBXGroup;
			children = (
				64BFD64E29C362EF009B090B /* CourseDisplayApp1UITests.swift */,
				64BFD65029C362EF009B090B /* CourseDisplayApp1UITestsLaunchTests.swift */,
			);
			path = CourseDisplayApp1UITests;
			sourceTree = "<group>";
		};
/* End PBXGroup section */

/* Begin PBXNativeTarget section */
		64BFD62929C362ED009B090B /* CourseDisplayApp1 */ = {
			isa = PBXNativeTarget;
			buildConfigurationList = 64BFD65429C362EF009B090B /* Build configuration list for PBXNativeTarget "CourseDisplayApp1" */;
			buildPhases = (
				64BFD62629C362ED009B090B /* Sources */,
				64BFD62729C362ED009B090B /* Frameworks */,
				64BFD62829C362ED009B090B /* Resources */,
			);
			buildRules = (
			);
			dependencies = (
			);
			name = CourseDisplayApp1;
			productName = CourseDisplayApp1;
			productReference = 64BFD62A29C362ED009B090B /* CourseDisplayApp1.app */;
			productType = "com.apple.product-type.application";
		};
		64BFD63F29C362EF009B090B /* CourseDisplayApp1Tests */ = {
			isa = PBXNativeTarget;
			buildConfigurationList = 64BFD65729C362EF009B090B /* Build configuration list for PBXNativeTarget "CourseDisplayApp1Tests" */;
			buildPhases = (
				64BFD63C29C362EF009B090B /* Sources */,
				64BFD63D29C362EF009B090B /* Frameworks */,
				64BFD63E29C362EF009B090B /* Resources */,
			);
			buildRules = (
			);
			dependencies = (
				64BFD64229C362EF009B090B /* PBXTargetDependency */,
			);
			name = CourseDisplayApp1Tests;
			productName = CourseDisplayApp1Tests;
			productReference = 64BFD64029C362EF009B090B /* CourseDisplayApp1Tests.xctest */;
			productType = "com.apple.product-type.bundle.unit-test";
		};
		64BFD64929C362EF009B090B /* CourseDisplayApp1UITests */ = {
			isa = PBXNativeTarget;
			buildConfigurationList = 64BFD65A29C362EF009B090B /* Build configuration list for PBXNativeTarget "CourseDisplayApp1UITests" */;
			buildPhases = (
				64BFD64629C362EF009B090B /* Sources */,
				64BFD64729C362EF009B090B /* Frameworks */,
				64BFD64829C362EF009B090B /* Resources */,
			);
			buildRules = (
			);
			dependencies = (
				64BFD64C29C362EF009B090B /* PBXTargetDependency */,
			);
			name = CourseDisplayApp1UITests;
			productName = CourseDisplayApp1UITests;
			productReference = 64BFD64A29C362EF009B090B /* CourseDisplayApp1UITests.xctest */;
			productType = "com.apple.product-type.bundle.ui-testing";
		};
/* End PBXNativeTarget section */

/* Begin PBXProject section */
		64BFD62229C362ED009B090B /* Project object */ = {
			isa = PBXProject;
			attributes = {
				BuildIndependentTargetsInParallel = 1;
				LastSwiftUpdateCheck = 1340;
				LastUpgradeCheck = 1340;
				TargetAttributes = {
					64BFD62929C362ED009B090B = {
						CreatedOnToolsVersion = 13.4.1;
					};
					64BFD63F29C362EF009B090B = {
						CreatedOnToolsVersion = 13.4.1;
						TestTargetID = 64BFD62929C362ED009B090B;
					};
					64BFD64929C362EF009B090B = {
						CreatedOnToolsVersion = 13.4.1;
						TestTargetID = 64BFD62929C362ED009B090B;
					};
				};
			};
			buildConfigurationList = 64BFD62529C362ED009B090B /* Build configuration list for PBXProject "CourseDisplayApp1" */;
			compatibilityVersion = "Xcode 13.0";
			developmentRegion = en;
			hasScannedForEncodings = 0;
			knownRegions = (
				en,
				Base,
			);
			mainGroup = 64BFD62129C362ED009B090B;
			productRefGroup = 64BFD62B29C362ED009B090B /* Products */;
			projectDirPath = "";
			projectRoot = "";
			targets = (
				64BFD62929C362ED009B090B /* CourseDisplayApp1 */,
				64BFD63F29C362EF009B090B /* CourseDisplayApp1Tests */,
				64BFD64929C362EF009B090B /* CourseDisplayApp1UITests */,
			);
		};
/* End PBXProject section */

/* Begin PBXResourcesBuildPhase section */
		64BFD62829C362ED009B090B /* Resources */ = {
			isa = PBXResourcesBuildPhase;
			buildActionMask = 2147483647;
			files = (
				64BFD63A29C362EE009B090B /* LaunchScreen.storyboard in Resources */,
				64BFD63729C362EE009B090B /* Assets.xcassets in Resources */,
				64BFD63529C362ED009B090B /* Main.storyboard in Resources */,
			);
			runOnlyForDeploymentPostprocessing = 0;
		};
		64BFD63E29C362EF009B090B /* Resources */ = {
			isa = PBXResourcesBuildPhase;
			buildActionMask = 2147483647;
			files = (
			);
			runOnlyForDeploymentPostprocessing = 0;
		};
		64BFD64829C362EF009B090B /* Resources */ = {
			isa = PBXResourcesBuildPhase;
			buildActionMask = 2147483647;
			files = (
			);
			runOnlyForDeploymentPostprocessing = 0;
		};
/* End PBXResourcesBuildPhase section */

/* Begin PBXSourcesBuildPhase section */
		64BFD62629C362ED009B090B /* Sources */ = {
			isa = PBXSourcesBuildPhase;
			buildActionMask = 2147483647;
			files = (
				64BFD63229C362ED009B090B /* ViewController.swift in Sources */,
				64BFD62E29C362ED009B090B /* AppDelegate.swift in Sources */,
				64BFD63029C362ED009B090B /* SceneDelegate.swift in Sources */,
			);
			runOnlyForDeploymentPostprocessing = 0;
		};
		64BFD63C29C362EF009B090B /* Sources */ = {
			isa = PBXSourcesBuildPhase;
			buildActionMask = 2147483647;
			files = (
				64BFD64529C362EF009B090B /* CourseDisplayApp1Tests.swift in Sources */,
			);
			runOnlyForDeploymentPostprocessing = 0;
		};
		64BFD64629C362EF009B090B /* Sources */ = {
			isa = PBXSourcesBuildPhase;
			buildActionMask = 2147483647;
			files = (
				64BFD65129C362EF009B090B /* CourseDisplayApp1UITestsLaunchTests.swift in Sources */,
				64BFD64F29C362EF009B090B /* CourseDisplayApp1UITests.swift in Sources */,
			);
			runOnlyForDeploymentPostprocessing = 0;
		};
/* End PBXSourcesBuildPhase section */

/* Begin PBXTargetDependency section */
		64BFD64229C362EF009B090B /* PBXTargetDependency */ = {
			isa = PBXTargetDependency;
			target = 64BFD62929C362ED009B090B /* CourseDisplayApp1 */;
			targetProxy = 64BFD64129C362EF009B090B /* PBXContainerItemProxy */;
		};
		64BFD64C29C362EF009B090B /* PBXTargetDependency */ = {
			isa = PBXTargetDependency;
			target = 64BFD62929C362ED009B090B /* CourseDisplayApp1 */;
			targetProxy = 64BFD64B29C362EF009B090B /* PBXContainerItemProxy */;
		};
/* End PBXTargetDependency section */

/* Begin PBXVariantGroup section */
		64BFD63329C362ED009B090B /* Main.storyboard */ = {
			isa = PBXVariantGroup;
			children = (
				64BFD63429C362ED009B090B /* Base */,
			);
			name = Main.storyboard;
			sourceTree = "<group>";
		};
		64BFD63829C362EE009B090B /* LaunchScreen.storyboard */ = {
			isa = PBXVariantGroup;
			children = (
				64BFD63929C362EE009B090B /* Base */,
			);
			name = LaunchScreen.storyboard;
			sourceTree = "<group>";
		};
/* End PBXVariantGroup section */

/* Begin XCBuildConfiguration section */
		64BFD65229C362EF009B090B /* Debug */ = {
			isa = XCBuildConfiguration;
			buildSettings = {
				ALWAYS_SEARCH_USER_PATHS = NO;
				CLANG_ANALYZER_NONNULL = YES;
				CLANG_ANALYZER_NUMBER_OBJECT_CONVERSION = YES_AGGRESSIVE;
				CLANG_CXX_LANGUAGE_STANDARD = "gnu++17";
				CLANG_ENABLE_MODULES = YES;
				CLANG_ENABLE_OBJC_ARC = YES;
				CLANG_ENABLE_OBJC_WEAK = YES;
				CLANG_WARN_BLOCK_CAPTURE_AUTORELEASING = YES;
				CLANG_WARN_BOOL_CONVERSION = YES;
				CLANG_WARN_COMMA = YES;
				CLANG_WARN_CONSTANT_CONVERSION = YES;
				CLANG_WARN_DEPRECATED_OBJC_IMPLEMENTATIONS = YES;
				CLANG_WARN_DIRECT_OBJC_ISA_USAGE = YES_ERROR;
				CLANG_WARN_DOCUMENTATION_COMMENTS = YES;
				CLANG_WARN_EMPTY_BODY = YES;
				CLANG_WARN_ENUM_CONVERSION = YES;
				CLANG_WARN_INFINITE_RECURSION = YES;
				CLANG_WARN_INT_CONVERSION = YES;
				CLANG_WARN_NON_LITERAL_NULL_CONVERSION = YES;
				CLANG_WARN_OBJC_IMPLICIT_RETAIN_SELF = YES;
				CLANG_WARN_OBJC_LITERAL_CONVERSION = YES;
				CLANG_WARN_OBJC_ROOT_CLASS = YES_ERROR;
				CLANG_WARN_QUOTED_INCLUDE_IN_FRAMEWORK_HEADER = YES;
				CLANG_WARN_RANGE_LOOP_ANALYSIS = YES;
				CLANG_WARN_STRICT_PROTOTYPES = YES;
				CLANG_WARN_SUSPICIOUS_MOVE = YES;
				CLANG_WARN_UNGUARDED_AVAILABILITY = YES_AGGRESSIVE;
				CLANG_WARN_UNREACHABLE_CODE = YES;
				CLANG_WARN__DUPLICATE_METHOD_MATCH = YES;
				COPY_PHASE_STRIP = NO;
				DEBUG_INFORMATION_FORMAT = dwarf;
				ENABLE_STRICT_OBJC_MSGSEND = YES;
				ENABLE_TESTABILITY = YES;
				GCC_C_LANGUAGE_STANDARD = gnu11;
				GCC_DYNAMIC_NO_PIC = NO;
				GCC_NO_COMMON_BLOCKS = YES;
				GCC_OPTIMIZATION_LEVEL = 0;
				GCC_PREPROCESSOR_DEFINITIONS = (
					"DEBUG=1",
					"$(inherited)",
				);
				GCC_WARN_64_TO_32_BIT_CONVERSION = YES;
				GCC_WARN_ABOUT_RETURN_TYPE = YES_ERROR;
				GCC_WARN_UNDECLARED_SELECTOR = YES;
				GCC_WARN_UNINITIALIZED_AUTOS = YES_AGGRESSIVE;
				GCC_WARN_UNUSED_FUNCTION = YES;
				GCC_WARN_UNUSED_VARIABLE = YES;
				IPHONEOS_DEPLOYMENT_TARGET = 15.5;
				MTL_ENABLE_DEBUG_INFO = INCLUDE_SOURCE;
				MTL_FAST_MATH = YES;
				ONLY_ACTIVE_ARCH = YES;
				SDKROOT = iphoneos;
				SWIFT_ACTIVE_COMPILATION_CONDITIONS = DEBUG;
				SWIFT_OPTIMIZATION_LEVEL = "-Onone";
			};
			name = Debug;
		};
		64BFD65329C362EF009B090B /* Release */ = {
			isa = XCBuildConfiguration;
			buildSettings = {
				ALWAYS_SEARCH_USER_PATHS = NO;
				CLANG_ANALYZER_NONNULL = YES;
				CLANG_ANALYZER_NUMBER_OBJECT_CONVERSION = YES_AGGRESSIVE;
				CLANG_CXX_LANGUAGE_STANDARD = "gnu++17";
				CLANG_ENABLE_MODULES = YES;
				CLANG_ENABLE_OBJC_ARC = YES;
				CLANG_ENABLE_OBJC_WEAK = YES;
				CLANG_WARN_BLOCK_CAPTURE_AUTORELEASING = YES;
				CLANG_WARN_BOOL_CONVERSION = YES;
				CLANG_WARN_COMMA = YES;
				CLANG_WARN_CONSTANT_CONVERSION = YES;
				CLANG_WARN_DEPRECATED_OBJC_IMPLEMENTATIONS = YES;
				CLANG_WARN_DIRECT_OBJC_ISA_USAGE = YES_ERROR;
				CLANG_WARN_DOCUMENTATION_COMMENTS = YES;
				CLANG_WARN_EMPTY_BODY = YES;
				CLANG_WARN_ENUM_CONVERSION = YES;
				CLANG_WARN_INFINITE_RECURSION = YES;
				CLANG_WARN_INT_CONVERSION = YES;
				CLANG_WARN_NON_LITERAL_NULL_CONVERSION = YES;
				CLANG_WARN_OBJC_IMPLICIT_RETAIN_SELF = YES;
				CLANG_WARN_OBJC_LITERAL_CONVERSION = YES;
				CLANG_WARN_OBJC_ROOT_CLASS = YES_ERROR;
				CLANG_WARN_QUOTED_INCLUDE_IN_FRAMEWORK_HEADER = YES;
				CLANG_WARN_RANGE_LOOP_ANALYSIS = YES;
				CLANG_WARN_STRICT_PROTOTYPES = YES;
				CLANG_WARN_SUSPICIOUS_MOVE = YES;
				CLANG_WARN_UNGUARDED_AVAILABILITY = YES_AGGRESSIVE;
				CLANG_WARN_UNREACHABLE_CODE = YES;
				CLANG_WARN__DUPLICATE_METHOD_MATCH = YES;
				COPY_PHASE_STRIP = NO;
				DEBUG_INFORMATION_FORMAT = "dwarf-with-dsym";
				ENABLE_NS_ASSERTIONS = NO;
				ENABLE_STRICT_OBJC_MSGSEND = YES;
				GCC_C_LANGUAGE_STANDARD = gnu11;
				GCC_NO_COMMON_BLOCKS = YES;
				GCC_WARN_64_TO_32_BIT_CONVERSION = YES;
				GCC_WARN_ABOUT_RETURN_TYPE = YES_ERROR;
				GCC_WARN_UNDECLARED_SELECTOR = YES;
				GCC_WARN_UNINITIALIZED_AUTOS = YES_AGGRESSIVE;
				GCC_WARN_UNUSED_FUNCTION = YES;
				GCC_WARN_UNUSED_VARIABLE = YES;
				IPHONEOS_DEPLOYMENT_TARGET = 15.5;
				MTL_ENABLE_DEBUG_INFO = NO;
				MTL_FAST_MATH = YES;
				SDKROOT = iphoneos;
				SWIFT_COMPILATION_MODE = wholemodule;
				SWIFT_OPTIMIZATION_LEVEL = "-O";
				VALIDATE_PRODUCT = YES;
			};
			name = Release;
		};
		64BFD65529C362EF009B090B /* Debug */ = {
			isa = XCBuildConfiguration;
			buildSettings = {
				ASSETCATALOG_COMPILER_APPICON_NAME = AppIcon;
				ASSETCATALOG_COMPILER_GLOBAL_ACCENT_COLOR_NAME = AccentColor;
				CODE_SIGN_STYLE = Automatic;
				CURRENT_PROJECT_VERSION = 1;
				GENERATE_INFOPLIST_FILE = YES;
				INFOPLIST_FILE = CourseDisplayApp1/Info.plist;
				INFOPLIST_KEY_UIApplicationSupportsIndirectInputEvents = YES;
				INFOPLIST_KEY_UILaunchStoryboardName = LaunchScreen;
				INFOPLIST_KEY_UIMainStoryboardFile = Main;
				INFOPLIST_KEY_UISupportedInterfaceOrientations_iPad = "UIInterfaceOrientationPortrait UIInterfaceOrientationPortraitUpsideDown UIInterfaceOrientationLandscapeLeft UIInterfaceOrientationLandscapeRight";
				INFOPLIST_KEY_UISupportedInterfaceOrientations_iPhone = "UIInterfaceOrientationPortrait UIInterfaceOrientationLandscapeLeft UIInterfaceOrientationLandscapeRight";
				LD_RUNPATH_SEARCH_PATHS = (
					"$(inherited)",
					"@executable_path/Frameworks",
				);
				MARKETING_VERSION = 1.0;
				PRODUCT_BUNDLE_IDENTIFIER = nw.missouri.CourseDisplayApp1;
				PRODUCT_NAME = "$(TARGET_NAME)";
				SWIFT_EMIT_LOC_STRINGS = YES;
				SWIFT_VERSION = 5.0;
				TARGETED_DEVICE_FAMILY = "1,2";
			};
			name = Debug;
		};
		64BFD65629C362EF009B090B /* Release */ = {
			isa = XCBuildConfiguration;
			buildSettings = {
				ASSETCATALOG_COMPILER_APPICON_NAME = AppIcon;
				ASSETCATALOG_COMPILER_GLOBAL_ACCENT_COLOR_NAME = AccentColor;
				CODE_SIGN_STYLE = Automatic;
				CURRENT_PROJECT_VERSION = 1;
				GENERATE_INFOPLIST_FILE = YES;
				INFOPLIST_FILE = CourseDisplayApp1/Info.plist;
				INFOPLIST_KEY_UIApplicationSupportsIndirectInputEvents = YES;
				INFOPLIST_KEY_UILaunchStoryboardName = LaunchScreen;
				INFOPLIST_KEY_UIMainStoryboardFile = Main;
				INFOPLIST_KEY_UISupportedInterfaceOrientations_iPad = "UIInterfaceOrientationPortrait UIInterfaceOrientationPortraitUpsideDown UIInterfaceOrientationLandscapeLeft UIInterfaceOrientationLandscapeRight";
				INFOPLIST_KEY_UISupportedInterfaceOrientations_iPhone = "UIInterfaceOrientationPortrait UIInterfaceOrientationLandscapeLeft UIInterfaceOrientationLandscapeRight";
				LD_RUNPATH_SEARCH_PATHS = (
					"$(inherited)",
					"@executable_path/Frameworks",
				);
				MARKETING_VERSION = 1.0;
				PRODUCT_BUNDLE_IDENTIFIER = nw.missouri.CourseDisplayApp1;
				PRODUCT_NAME = "$(TARGET_NAME)";
				SWIFT_EMIT_LOC_STRINGS = YES;
				SWIFT_VERSION = 5.0;
				TARGETED_DEVICE_FAMILY = "1,2";
			};
			name = Release;
		};
		64BFD65829C362EF009B090B /* Debug */ = {
			isa = XCBuildConfiguration;
			buildSettings = {
				ALWAYS_EMBED_SWIFT_STANDARD_LIBRARIES = YES;
				BUNDLE_LOADER = "$(TEST_HOST)";
				CODE_SIGN_STYLE = Automatic;
				CURRENT_PROJECT_VERSION = 1;
				GENERATE_INFOPLIST_FILE = YES;
				IPHONEOS_DEPLOYMENT_TARGET = 15.5;
				MARKETING_VERSION = 1.0;
				PRODUCT_BUNDLE_IDENTIFIER = nw.missouri.CourseDisplayApp1Tests;
				PRODUCT_NAME = "$(TARGET_NAME)";
				SWIFT_EMIT_LOC_STRINGS = NO;
				SWIFT_VERSION = 5.0;
				TARGETED_DEVICE_FAMILY = "1,2";
				TEST_HOST = "$(BUILT_PRODUCTS_DIR)/CourseDisplayApp1.app/CourseDisplayApp1";
			};
			name = Debug;
		};
		64BFD65929C362EF009B090B /* Release */ = {
			isa = XCBuildConfiguration;
			buildSettings = {
				ALWAYS_EMBED_SWIFT_STANDARD_LIBRARIES = YES;
				BUNDLE_LOADER = "$(TEST_HOST)";
				CODE_SIGN_STYLE = Automatic;
				CURRENT_PROJECT_VERSION = 1;
				GENERATE_INFOPLIST_FILE = YES;
				IPHONEOS_DEPLOYMENT_TARGET = 15.5;
				MARKETING_VERSION = 1.0;
				PRODUCT_BUNDLE_IDENTIFIER = nw.missouri.CourseDisplayApp1Tests;
				PRODUCT_NAME = "$(TARGET_NAME)";
				SWIFT_EMIT_LOC_STRINGS = NO;
				SWIFT_VERSION = 5.0;
				TARGETED_DEVICE_FAMILY = "1,2";
				TEST_HOST = "$(BUILT_PRODUCTS_DIR)/CourseDisplayApp1.app/CourseDisplayApp1";
			};
			name = Release;
		};
		64BFD65B29C362EF009B090B /* Debug */ = {
			isa = XCBuildConfiguration;
			buildSettings = {
				ALWAYS_EMBED_SWIFT_STANDARD_LIBRARIES = YES;
				CODE_SIGN_STYLE = Automatic;
				CURRENT_PROJECT_VERSION = 1;
				GENERATE_INFOPLIST_FILE = YES;
				MARKETING_VERSION = 1.0;
				PRODUCT_BUNDLE_IDENTIFIER = nw.missouri.CourseDisplayApp1UITests;
				PRODUCT_NAME = "$(TARGET_NAME)";
				SWIFT_EMIT_LOC_STRINGS = NO;
				SWIFT_VERSION = 5.0;
				TARGETED_DEVICE_FAMILY = "1,2";
				TEST_TARGET_NAME = CourseDisplayApp1;
			};
			name = Debug;
		};
		64BFD65C29C362EF009B090B /* Release */ = {
			isa = XCBuildConfiguration;
			buildSettings = {
				ALWAYS_EMBED_SWIFT_STANDARD_LIBRARIES = YES;
				CODE_SIGN_STYLE = Automatic;
				CURRENT_PROJECT_VERSION = 1;
				GENERATE_INFOPLIST_FILE = YES;
				MARKETING_VERSION = 1.0;
				PRODUCT_BUNDLE_IDENTIFIER = nw.missouri.CourseDisplayApp1UITests;
				PRODUCT_NAME = "$(TARGET_NAME)";
				SWIFT_EMIT_LOC_STRINGS = NO;
				SWIFT_VERSION = 5.0;
				TARGETED_DEVICE_FAMILY = "1,2";
				TEST_TARGET_NAME = CourseDisplayApp1;
			};
			name = Release;
		};
/* End XCBuildConfiguration section */

/* Begin XCConfigurationList section */
		64BFD62529C362ED009B090B /* Build configuration list for PBXProject "CourseDisplayApp1" */ = {
			isa = XCConfigurationList;
			buildConfigurations = (
				64BFD65229C362EF009B090B /* Debug */,
				64BFD65329C362EF009B090B /* Release */,
			);
			defaultConfigurationIsVisible = 0;
			defaultConfigurationName = Release;
		};
		64BFD65429C362EF009B090B /* Build configuration list for PBXNativeTarget "CourseDisplayApp1" */ = {
			isa = XCConfigurationList;
			buildConfigurations = (
				64BFD65529C362EF009B090B /* Debug */,
				64BFD65629C362EF009B090B /* Release */,
			);
			defaultConfigurationIsVisible = 0;
			defaultConfigurationName = Release;
		};
		64BFD65729C362EF009B090B /* Build configuration list for PBXNativeTarget "CourseDisplayApp1Tests" */ = {
			isa = XCConfigurationList;
			buildConfigurations = (
				64BFD65829C362EF009B090B /* Debug */,
				64BFD65929C362EF009B090B /* Release */,
			);
			defaultConfigurationIsVisible = 0;
			defaultConfigurationName = Release;
		};
		64BFD65A29C362EF009B090B /* Build configuration list for PBXNativeTarget "CourseDisplayApp1UITests" */ = {
			isa = XCConfigurationList;
			buildConfigurations = (
				64BFD65B29C362EF009B090B /* Debug */,
				64BFD65C29C362EF009B090B /* Release */,
			);
			defaultConfigurationIsVisible = 0;
			defaultConfigurationName = Release;
		};
/* End XCConfigurationList section */
	};
	rootObject = 64BFD62229C362ED009B090B /* Project object */;
}
