// !$*UTF8*$!
{
	archiveVersion = 1;
	classes = {
	};
	objectVersion = 55;
	objects = {

/* Begin PBXBuildFile section */
		644624C1298033560020A424 /* AppDelegate.swift in Sources */ = {isa = PBXBuildFile; fileRef = 644624C0298033560020A424 /* AppDelegate.swift */; };
		644624C3298033560020A424 /* SceneDelegate.swift in Sources */ = {isa = PBXBuildFile; fileRef = 644624C2298033560020A424 /* SceneDelegate.swift */; };
		644624C5298033560020A424 /* ViewController.swift in Sources */ = {isa = PBXBuildFile; fileRef = 644624C4298033560020A424 /* ViewController.swift */; };
		644624C8298033560020A424 /* Main.storyboard in Resources */ = {isa = PBXBuildFile; fileRef = 644624C6298033560020A424 /* Main.storyboard */; };
		644624CA298033590020A424 /* Assets.xcassets in Resources */ = {isa = PBXBuildFile; fileRef = 644624C9298033590020A424 /* Assets.xcassets */; };
		644624CD298033590020A424 /* LaunchScreen.storyboard in Resources */ = {isa = PBXBuildFile; fileRef = 644624CB298033590020A424 /* LaunchScreen.storyboard */; };
		644624D82980335A0020A424 /* hello3AppTests.swift in Sources */ = {isa = PBXBuildFile; fileRef = 644624D72980335A0020A424 /* hello3AppTests.swift */; };
		644624E22980335A0020A424 /* hello3AppUITests.swift in Sources */ = {isa = PBXBuildFile; fileRef = 644624E12980335A0020A424 /* hello3AppUITests.swift */; };
		644624E42980335A0020A424 /* hello3AppUITestsLaunchTests.swift in Sources */ = {isa = PBXBuildFile; fileRef = 644624E32980335A0020A424 /* hello3AppUITestsLaunchTests.swift */; };
/* End PBXBuildFile section */

/* Begin PBXContainerItemProxy section */
		644624D42980335A0020A424 /* PBXContainerItemProxy */ = {
			isa = PBXContainerItemProxy;
			containerPortal = 644624B5298033560020A424 /* Project object */;
			proxyType = 1;
			remoteGlobalIDString = 644624BC298033560020A424;
			remoteInfo = hello3App;
		};
		644624DE2980335A0020A424 /* PBXContainerItemProxy */ = {
			isa = PBXContainerItemProxy;
			containerPortal = 644624B5298033560020A424 /* Project object */;
			proxyType = 1;
			remoteGlobalIDString = 644624BC298033560020A424;
			remoteInfo = hello3App;
		};
/* End PBXContainerItemProxy section */

/* Begin PBXFileReference section */
		644624BD298033560020A424 /* hello3App.app */ = {isa = PBXFileReference; explicitFileType = wrapper.application; includeInIndex = 0; path = hello3App.app; sourceTree = BUILT_PRODUCTS_DIR; };
		644624C0298033560020A424 /* AppDelegate.swift */ = {isa = PBXFileReference; lastKnownFileType = sourcecode.swift; path = AppDelegate.swift; sourceTree = "<group>"; };
		644624C2298033560020A424 /* SceneDelegate.swift */ = {isa = PBXFileReference; lastKnownFileType = sourcecode.swift; path = SceneDelegate.swift; sourceTree = "<group>"; };
		644624C4298033560020A424 /* ViewController.swift */ = {isa = PBXFileReference; lastKnownFileType = sourcecode.swift; path = ViewController.swift; sourceTree = "<group>"; };
		644624C7298033560020A424 /* Base */ = {isa = PBXFileReference; lastKnownFileType = file.storyboard; name = Base; path = Base.lproj/Main.storyboard; sourceTree = "<group>"; };
		644624C9298033590020A424 /* Assets.xcassets */ = {isa = PBXFileReference; lastKnownFileType = folder.assetcatalog; path = Assets.xcassets; sourceTree = "<group>"; };
		644624CC298033590020A424 /* Base */ = {isa = PBXFileReference; lastKnownFileType = file.storyboard; name = Base; path = Base.lproj/LaunchScreen.storyboard; sourceTree = "<group>"; };
		644624CE298033590020A424 /* Info.plist */ = {isa = PBXFileReference; lastKnownFileType = text.plist.xml; path = Info.plist; sourceTree = "<group>"; };
		644624D32980335A0020A424 /* hello3AppTests.xctest */ = {isa = PBXFileReference; explicitFileType = wrapper.cfbundle; includeInIndex = 0; path = hello3AppTests.xctest; sourceTree = BUILT_PRODUCTS_DIR; };
		644624D72980335A0020A424 /* hello3AppTests.swift */ = {isa = PBXFileReference; lastKnownFileType = sourcecode.swift; path = hello3AppTests.swift; sourceTree = "<group>"; };
		644624DD2980335A0020A424 /* hello3AppUITests.xctest */ = {isa = PBXFileReference; explicitFileType = wrapper.cfbundle; includeInIndex = 0; path = hello3AppUITests.xctest; sourceTree = BUILT_PRODUCTS_DIR; };
		644624E12980335A0020A424 /* hello3AppUITests.swift */ = {isa = PBXFileReference; lastKnownFileType = sourcecode.swift; path = hello3AppUITests.swift; sourceTree = "<group>"; };
		644624E32980335A0020A424 /* hello3AppUITestsLaunchTests.swift */ = {isa = PBXFileReference; lastKnownFileType = sourcecode.swift; path = hello3AppUITestsLaunchTests.swift; sourceTree = "<group>"; };
/* End PBXFileReference section */

/* Begin PBXFrameworksBuildPhase section */
		644624BA298033560020A424 /* Frameworks */ = {
			isa = PBXFrameworksBuildPhase;
			buildActionMask = 2147483647;
			files = (
			);
			runOnlyForDeploymentPostprocessing = 0;
		};
		644624D02980335A0020A424 /* Frameworks */ = {
			isa = PBXFrameworksBuildPhase;
			buildActionMask = 2147483647;
			files = (
			);
			runOnlyForDeploymentPostprocessing = 0;
		};
		644624DA2980335A0020A424 /* Frameworks */ = {
			isa = PBXFrameworksBuildPhase;
			buildActionMask = 2147483647;
			files = (
			);
			runOnlyForDeploymentPostprocessing = 0;
		};
/* End PBXFrameworksBuildPhase section */

/* Begin PBXGroup section */
		644624B4298033560020A424 = {
			isa = PBXGroup;
			children = (
				644624BF298033560020A424 /* hello3App */,
				644624D62980335A0020A424 /* hello3AppTests */,
				644624E02980335A0020A424 /* hello3AppUITests */,
				644624BE298033560020A424 /* Products */,
			);
			sourceTree = "<group>";
		};
		644624BE298033560020A424 /* Products */ = {
			isa = PBXGroup;
			children = (
				644624BD298033560020A424 /* hello3App.app */,
				644624D32980335A0020A424 /* hello3AppTests.xctest */,
				644624DD2980335A0020A424 /* hello3AppUITests.xctest */,
			);
			name = Products;
			sourceTree = "<group>";
		};
		644624BF298033560020A424 /* hello3App */ = {
			isa = PBXGroup;
			children = (
				644624C0298033560020A424 /* AppDelegate.swift */,
				644624C2298033560020A424 /* SceneDelegate.swift */,
				644624C4298033560020A424 /* ViewController.swift */,
				644624C6298033560020A424 /* Main.storyboard */,
				644624C9298033590020A424 /* Assets.xcassets */,
				644624CB298033590020A424 /* LaunchScreen.storyboard */,
				644624CE298033590020A424 /* Info.plist */,
			);
			path = hello3App;
			sourceTree = "<group>";
		};
		644624D62980335A0020A424 /* hello3AppTests */ = {
			isa = PBXGroup;
			children = (
				644624D72980335A0020A424 /* hello3AppTests.swift */,
			);
			path = hello3AppTests;
			sourceTree = "<group>";
		};
		644624E02980335A0020A424 /* hello3AppUITests */ = {
			isa = PBXGroup;
			children = (
				644624E12980335A0020A424 /* hello3AppUITests.swift */,
				644624E32980335A0020A424 /* hello3AppUITestsLaunchTests.swift */,
			);
			path = hello3AppUITests;
			sourceTree = "<group>";
		};
/* End PBXGroup section */

/* Begin PBXNativeTarget section */
		644624BC298033560020A424 /* hello3App */ = {
			isa = PBXNativeTarget;
			buildConfigurationList = 644624E72980335A0020A424 /* Build configuration list for PBXNativeTarget "hello3App" */;
			buildPhases = (
				644624B9298033560020A424 /* Sources */,
				644624BA298033560020A424 /* Frameworks */,
				644624BB298033560020A424 /* Resources */,
			);
			buildRules = (
			);
			dependencies = (
			);
			name = hello3App;
			productName = hello3App;
			productReference = 644624BD298033560020A424 /* hello3App.app */;
			productType = "com.apple.product-type.application";
		};
		644624D22980335A0020A424 /* hello3AppTests */ = {
			isa = PBXNativeTarget;
			buildConfigurationList = 644624EA2980335A0020A424 /* Build configuration list for PBXNativeTarget "hello3AppTests" */;
			buildPhases = (
				644624CF2980335A0020A424 /* Sources */,
				644624D02980335A0020A424 /* Frameworks */,
				644624D12980335A0020A424 /* Resources */,
			);
			buildRules = (
			);
			dependencies = (
				644624D52980335A0020A424 /* PBXTargetDependency */,
			);
			name = hello3AppTests;
			productName = hello3AppTests;
			productReference = 644624D32980335A0020A424 /* hello3AppTests.xctest */;
			productType = "com.apple.product-type.bundle.unit-test";
		};
		644624DC2980335A0020A424 /* hello3AppUITests */ = {
			isa = PBXNativeTarget;
			buildConfigurationList = 644624ED2980335A0020A424 /* Build configuration list for PBXNativeTarget "hello3AppUITests" */;
			buildPhases = (
				644624D92980335A0020A424 /* Sources */,
				644624DA2980335A0020A424 /* Frameworks */,
				644624DB2980335A0020A424 /* Resources */,
			);
			buildRules = (
			);
			dependencies = (
				644624DF2980335A0020A424 /* PBXTargetDependency */,
			);
			name = hello3AppUITests;
			productName = hello3AppUITests;
			productReference = 644624DD2980335A0020A424 /* hello3AppUITests.xctest */;
			productType = "com.apple.product-type.bundle.ui-testing";
		};
/* End PBXNativeTarget section */

/* Begin PBXProject section */
		644624B5298033560020A424 /* Project object */ = {
			isa = PBXProject;
			attributes = {
				BuildIndependentTargetsInParallel = 1;
				LastSwiftUpdateCheck = 1340;
				LastUpgradeCheck = 1340;
				TargetAttributes = {
					644624BC298033560020A424 = {
						CreatedOnToolsVersion = 13.4.1;
					};
					644624D22980335A0020A424 = {
						CreatedOnToolsVersion = 13.4.1;
						TestTargetID = 644624BC298033560020A424;
					};
					644624DC2980335A0020A424 = {
						CreatedOnToolsVersion = 13.4.1;
						TestTargetID = 644624BC298033560020A424;
					};
				};
			};
			buildConfigurationList = 644624B8298033560020A424 /* Build configuration list for PBXProject "hello3App" */;
			compatibilityVersion = "Xcode 13.0";
			developmentRegion = en;
			hasScannedForEncodings = 0;
			knownRegions = (
				en,
				Base,
			);
			mainGroup = 644624B4298033560020A424;
			productRefGroup = 644624BE298033560020A424 /* Products */;
			projectDirPath = "";
			projectRoot = "";
			targets = (
				644624BC298033560020A424 /* hello3App */,
				644624D22980335A0020A424 /* hello3AppTests */,
				644624DC2980335A0020A424 /* hello3AppUITests */,
			);
		};
/* End PBXProject section */

/* Begin PBXResourcesBuildPhase section */
		644624BB298033560020A424 /* Resources */ = {
			isa = PBXResourcesBuildPhase;
			buildActionMask = 2147483647;
			files = (
				644624CD298033590020A424 /* LaunchScreen.storyboard in Resources */,
				644624CA298033590020A424 /* Assets.xcassets in Resources */,
				644624C8298033560020A424 /* Main.storyboard in Resources */,
			);
			runOnlyForDeploymentPostprocessing = 0;
		};
		644624D12980335A0020A424 /* Resources */ = {
			isa = PBXResourcesBuildPhase;
			buildActionMask = 2147483647;
			files = (
			);
			runOnlyForDeploymentPostprocessing = 0;
		};
		644624DB2980335A0020A424 /* Resources */ = {
			isa = PBXResourcesBuildPhase;
			buildActionMask = 2147483647;
			files = (
			);
			runOnlyForDeploymentPostprocessing = 0;
		};
/* End PBXResourcesBuildPhase section */

/* Begin PBXSourcesBuildPhase section */
		644624B9298033560020A424 /* Sources */ = {
			isa = PBXSourcesBuildPhase;
			buildActionMask = 2147483647;
			files = (
				644624C5298033560020A424 /* ViewController.swift in Sources */,
				644624C1298033560020A424 /* AppDelegate.swift in Sources */,
				644624C3298033560020A424 /* SceneDelegate.swift in Sources */,
			);
			runOnlyForDeploymentPostprocessing = 0;
		};
		644624CF2980335A0020A424 /* Sources */ = {
			isa = PBXSourcesBuildPhase;
			buildActionMask = 2147483647;
			files = (
				644624D82980335A0020A424 /* hello3AppTests.swift in Sources */,
			);
			runOnlyForDeploymentPostprocessing = 0;
		};
		644624D92980335A0020A424 /* Sources */ = {
			isa = PBXSourcesBuildPhase;
			buildActionMask = 2147483647;
			files = (
				644624E22980335A0020A424 /* hello3AppUITests.swift in Sources */,
				644624E42980335A0020A424 /* hello3AppUITestsLaunchTests.swift in Sources */,
			);
			runOnlyForDeploymentPostprocessing = 0;
		};
/* End PBXSourcesBuildPhase section */

/* Begin PBXTargetDependency section */
		644624D52980335A0020A424 /* PBXTargetDependency */ = {
			isa = PBXTargetDependency;
			target = 644624BC298033560020A424 /* hello3App */;
			targetProxy = 644624D42980335A0020A424 /* PBXContainerItemProxy */;
		};
		644624DF2980335A0020A424 /* PBXTargetDependency */ = {
			isa = PBXTargetDependency;
			target = 644624BC298033560020A424 /* hello3App */;
			targetProxy = 644624DE2980335A0020A424 /* PBXContainerItemProxy */;
		};
/* End PBXTargetDependency section */

/* Begin PBXVariantGroup section */
		644624C6298033560020A424 /* Main.storyboard */ = {
			isa = PBXVariantGroup;
			children = (
				644624C7298033560020A424 /* Base */,
			);
			name = Main.storyboard;
			sourceTree = "<group>";
		};
		644624CB298033590020A424 /* LaunchScreen.storyboard */ = {
			isa = PBXVariantGroup;
			children = (
				644624CC298033590020A424 /* Base */,
			);
			name = LaunchScreen.storyboard;
			sourceTree = "<group>";
		};
/* End PBXVariantGroup section */

/* Begin XCBuildConfiguration section */
		644624E52980335A0020A424 /* Debug */ = {
			isa = XCBuildConfiguration;
			buildSettings = {
				ALWAYS_SEARCH_USER_PATHS = NO;
				CLANG_ANALYZER_NONNULL = YES;
				CLANG_ANALYZER_NUMBER_OBJECT_CONVERSION = YES_AGGRESSIVE;
				CLANG_CXX_LANGUAGE_STANDARD = "gnu++17";
				CLANG_ENABLE_MODULES = YES;
				CLANG_ENABLE_OBJC_ARC = YES;
				CLANG_ENABLE_OBJC_WEAK = YES;
				CLANG_WARN_BLOCK_CAPTURE_AUTORELEASING = YES;
				CLANG_WARN_BOOL_CONVERSION = YES;
				CLANG_WARN_COMMA = YES;
				CLANG_WARN_CONSTANT_CONVERSION = YES;
				CLANG_WARN_DEPRECATED_OBJC_IMPLEMENTATIONS = YES;
				CLANG_WARN_DIRECT_OBJC_ISA_USAGE = YES_ERROR;
				CLANG_WARN_DOCUMENTATION_COMMENTS = YES;
				CLANG_WARN_EMPTY_BODY = YES;
				CLANG_WARN_ENUM_CONVERSION = YES;
				CLANG_WARN_INFINITE_RECURSION = YES;
				CLANG_WARN_INT_CONVERSION = YES;
				CLANG_WARN_NON_LITERAL_NULL_CONVERSION = YES;
				CLANG_WARN_OBJC_IMPLICIT_RETAIN_SELF = YES;
				CLANG_WARN_OBJC_LITERAL_CONVERSION = YES;
				CLANG_WARN_OBJC_ROOT_CLASS = YES_ERROR;
				CLANG_WARN_QUOTED_INCLUDE_IN_FRAMEWORK_HEADER = YES;
				CLANG_WARN_RANGE_LOOP_ANALYSIS = YES;
				CLANG_WARN_STRICT_PROTOTYPES = YES;
				CLANG_WARN_SUSPICIOUS_MOVE = YES;
				CLANG_WARN_UNGUARDED_AVAILABILITY = YES_AGGRESSIVE;
				CLANG_WARN_UNREACHABLE_CODE = YES;
				CLANG_WARN__DUPLICATE_METHOD_MATCH = YES;
				COPY_PHASE_STRIP = NO;
				DEBUG_INFORMATION_FORMAT = dwarf;
				ENABLE_STRICT_OBJC_MSGSEND = YES;
				ENABLE_TESTABILITY = YES;
				GCC_C_LANGUAGE_STANDARD = gnu11;
				GCC_DYNAMIC_NO_PIC = NO;
				GCC_NO_COMMON_BLOCKS = YES;
				GCC_OPTIMIZATION_LEVEL = 0;
				GCC_PREPROCESSOR_DEFINITIONS = (
					"DEBUG=1",
					"$(inherited)",
				);
				GCC_WARN_64_TO_32_BIT_CONVERSION = YES;
				GCC_WARN_ABOUT_RETURN_TYPE = YES_ERROR;
				GCC_WARN_UNDECLARED_SELECTOR = YES;
				GCC_WARN_UNINITIALIZED_AUTOS = YES_AGGRESSIVE;
				GCC_WARN_UNUSED_FUNCTION = YES;
				GCC_WARN_UNUSED_VARIABLE = YES;
				IPHONEOS_DEPLOYMENT_TARGET = 15.5;
				MTL_ENABLE_DEBUG_INFO = INCLUDE_SOURCE;
				MTL_FAST_MATH = YES;
				ONLY_ACTIVE_ARCH = YES;
				SDKROOT = iphoneos;
				SWIFT_ACTIVE_COMPILATION_CONDITIONS = DEBUG;
				SWIFT_OPTIMIZATION_LEVEL = "-Onone";
			};
			name = Debug;
		};
		644624E62980335A0020A424 /* Release */ = {
			isa = XCBuildConfiguration;
			buildSettings = {
				ALWAYS_SEARCH_USER_PATHS = NO;
				CLANG_ANALYZER_NONNULL = YES;
				CLANG_ANALYZER_NUMBER_OBJECT_CONVERSION = YES_AGGRESSIVE;
				CLANG_CXX_LANGUAGE_STANDARD = "gnu++17";
				CLANG_ENABLE_MODULES = YES;
				CLANG_ENABLE_OBJC_ARC = YES;
				CLANG_ENABLE_OBJC_WEAK = YES;
				CLANG_WARN_BLOCK_CAPTURE_AUTORELEASING = YES;
				CLANG_WARN_BOOL_CONVERSION = YES;
				CLANG_WARN_COMMA = YES;
				CLANG_WARN_CONSTANT_CONVERSION = YES;
				CLANG_WARN_DEPRECATED_OBJC_IMPLEMENTATIONS = YES;
				CLANG_WARN_DIRECT_OBJC_ISA_USAGE = YES_ERROR;
				CLANG_WARN_DOCUMENTATION_COMMENTS = YES;
				CLANG_WARN_EMPTY_BODY = YES;
				CLANG_WARN_ENUM_CONVERSION = YES;
				CLANG_WARN_INFINITE_RECURSION = YES;
				CLANG_WARN_INT_CONVERSION = YES;
				CLANG_WARN_NON_LITERAL_NULL_CONVERSION = YES;
				CLANG_WARN_OBJC_IMPLICIT_RETAIN_SELF = YES;
				CLANG_WARN_OBJC_LITERAL_CONVERSION = YES;
				CLANG_WARN_OBJC_ROOT_CLASS = YES_ERROR;
				CLANG_WARN_QUOTED_INCLUDE_IN_FRAMEWORK_HEADER = YES;
				CLANG_WARN_RANGE_LOOP_ANALYSIS = YES;
				CLANG_WARN_STRICT_PROTOTYPES = YES;
				CLANG_WARN_SUSPICIOUS_MOVE = YES;
				CLANG_WARN_UNGUARDED_AVAILABILITY = YES_AGGRESSIVE;
				CLANG_WARN_UNREACHABLE_CODE = YES;
				CLANG_WARN__DUPLICATE_METHOD_MATCH = YES;
				COPY_PHASE_STRIP = NO;
				DEBUG_INFORMATION_FORMAT = "dwarf-with-dsym";
				ENABLE_NS_ASSERTIONS = NO;
				ENABLE_STRICT_OBJC_MSGSEND = YES;
				GCC_C_LANGUAGE_STANDARD = gnu11;
				GCC_NO_COMMON_BLOCKS = YES;
				GCC_WARN_64_TO_32_BIT_CONVERSION = YES;
				GCC_WARN_ABOUT_RETURN_TYPE = YES_ERROR;
				GCC_WARN_UNDECLARED_SELECTOR = YES;
				GCC_WARN_UNINITIALIZED_AUTOS = YES_AGGRESSIVE;
				GCC_WARN_UNUSED_FUNCTION = YES;
				GCC_WARN_UNUSED_VARIABLE = YES;
				IPHONEOS_DEPLOYMENT_TARGET = 15.5;
				MTL_ENABLE_DEBUG_INFO = NO;
				MTL_FAST_MATH = YES;
				SDKROOT = iphoneos;
				SWIFT_COMPILATION_MODE = wholemodule;
				SWIFT_OPTIMIZATION_LEVEL = "-O";
				VALIDATE_PRODUCT = YES;
			};
			name = Release;
		};
		644624E82980335A0020A424 /* Debug */ = {
			isa = XCBuildConfiguration;
			buildSettings = {
				ASSETCATALOG_COMPILER_APPICON_NAME = AppIcon;
				ASSETCATALOG_COMPILER_GLOBAL_ACCENT_COLOR_NAME = AccentColor;
				CODE_SIGN_STYLE = Automatic;
				CURRENT_PROJECT_VERSION = 1;
				GENERATE_INFOPLIST_FILE = YES;
				INFOPLIST_FILE = hello3App/Info.plist;
				INFOPLIST_KEY_CFBundleDisplayName = Hello3App;
				INFOPLIST_KEY_UIApplicationSupportsIndirectInputEvents = YES;
				INFOPLIST_KEY_UILaunchStoryboardName = LaunchScreen;
				INFOPLIST_KEY_UIMainStoryboardFile = Main;
				INFOPLIST_KEY_UISupportedInterfaceOrientations_iPad = "UIInterfaceOrientationPortrait UIInterfaceOrientationPortraitUpsideDown UIInterfaceOrientationLandscapeLeft UIInterfaceOrientationLandscapeRight";
				INFOPLIST_KEY_UISupportedInterfaceOrientations_iPhone = "UIInterfaceOrientationPortrait UIInterfaceOrientationLandscapeLeft UIInterfaceOrientationLandscapeRight";
				LD_RUNPATH_SEARCH_PATHS = (
					"$(inherited)",
					"@executable_path/Frameworks",
				);
				MARKETING_VERSION = 1.0;
				PRODUCT_BUNDLE_IDENTIFIER = nwmissouri.edu.hello3App;
				PRODUCT_NAME = "$(TARGET_NAME)";
				SWIFT_EMIT_LOC_STRINGS = YES;
				SWIFT_VERSION = 5.0;
				TARGETED_DEVICE_FAMILY = "1,2";
			};
			name = Debug;
		};
		644624E92980335A0020A424 /* Release */ = {
			isa = XCBuildConfiguration;
			buildSettings = {
				ASSETCATALOG_COMPILER_APPICON_NAME = AppIcon;
				ASSETCATALOG_COMPILER_GLOBAL_ACCENT_COLOR_NAME = AccentColor;
				CODE_SIGN_STYLE = Automatic;
				CURRENT_PROJECT_VERSION = 1;
				GENERATE_INFOPLIST_FILE = YES;
				INFOPLIST_FILE = hello3App/Info.plist;
				INFOPLIST_KEY_CFBundleDisplayName = Hello3App;
				INFOPLIST_KEY_UIApplicationSupportsIndirectInputEvents = YES;
				INFOPLIST_KEY_UILaunchStoryboardName = LaunchScreen;
				INFOPLIST_KEY_UIMainStoryboardFile = Main;
				INFOPLIST_KEY_UISupportedInterfaceOrientations_iPad = "UIInterfaceOrientationPortrait UIInterfaceOrientationPortraitUpsideDown UIInterfaceOrientationLandscapeLeft UIInterfaceOrientationLandscapeRight";
				INFOPLIST_KEY_UISupportedInterfaceOrientations_iPhone = "UIInterfaceOrientationPortrait UIInterfaceOrientationLandscapeLeft UIInterfaceOrientationLandscapeRight";
				LD_RUNPATH_SEARCH_PATHS = (
					"$(inherited)",
					"@executable_path/Frameworks",
				);
				MARKETING_VERSION = 1.0;
				PRODUCT_BUNDLE_IDENTIFIER = nwmissouri.edu.hello3App;
				PRODUCT_NAME = "$(TARGET_NAME)";
				SWIFT_EMIT_LOC_STRINGS = YES;
				SWIFT_VERSION = 5.0;
				TARGETED_DEVICE_FAMILY = "1,2";
			};
			name = Release;
		};
		644624EB2980335A0020A424 /* Debug */ = {
			isa = XCBuildConfiguration;
			buildSettings = {
				ALWAYS_EMBED_SWIFT_STANDARD_LIBRARIES = YES;
				BUNDLE_LOADER = "$(TEST_HOST)";
				CODE_SIGN_STYLE = Automatic;
				CURRENT_PROJECT_VERSION = 1;
				GENERATE_INFOPLIST_FILE = YES;
				IPHONEOS_DEPLOYMENT_TARGET = 15.5;
				MARKETING_VERSION = 1.0;
				PRODUCT_BUNDLE_IDENTIFIER = nwmissouri.edu.hello3AppTests;
				PRODUCT_NAME = "$(TARGET_NAME)";
				SWIFT_EMIT_LOC_STRINGS = NO;
				SWIFT_VERSION = 5.0;
				TARGETED_DEVICE_FAMILY = "1,2";
				TEST_HOST = "$(BUILT_PRODUCTS_DIR)/hello3App.app/hello3App";
			};
			name = Debug;
		};
		644624EC2980335A0020A424 /* Release */ = {
			isa = XCBuildConfiguration;
			buildSettings = {
				ALWAYS_EMBED_SWIFT_STANDARD_LIBRARIES = YES;
				BUNDLE_LOADER = "$(TEST_HOST)";
				CODE_SIGN_STYLE = Automatic;
				CURRENT_PROJECT_VERSION = 1;
				GENERATE_INFOPLIST_FILE = YES;
				IPHONEOS_DEPLOYMENT_TARGET = 15.5;
				MARKETING_VERSION = 1.0;
				PRODUCT_BUNDLE_IDENTIFIER = nwmissouri.edu.hello3AppTests;
				PRODUCT_NAME = "$(TARGET_NAME)";
				SWIFT_EMIT_LOC_STRINGS = NO;
				SWIFT_VERSION = 5.0;
				TARGETED_DEVICE_FAMILY = "1,2";
				TEST_HOST = "$(BUILT_PRODUCTS_DIR)/hello3App.app/hello3App";
			};
			name = Release;
		};
		644624EE2980335A0020A424 /* Debug */ = {
			isa = XCBuildConfiguration;
			buildSettings = {
				ALWAYS_EMBED_SWIFT_STANDARD_LIBRARIES = YES;
				CODE_SIGN_STYLE = Automatic;
				CURRENT_PROJECT_VERSION = 1;
				GENERATE_INFOPLIST_FILE = YES;
				MARKETING_VERSION = 1.0;
				PRODUCT_BUNDLE_IDENTIFIER = nwmissouri.edu.hello3AppUITests;
				PRODUCT_NAME = "$(TARGET_NAME)";
				SWIFT_EMIT_LOC_STRINGS = NO;
				SWIFT_VERSION = 5.0;
				TARGETED_DEVICE_FAMILY = "1,2";
				TEST_TARGET_NAME = hello3App;
			};
			name = Debug;
		};
		644624EF2980335A0020A424 /* Release */ = {
			isa = XCBuildConfiguration;
			buildSettings = {
				ALWAYS_EMBED_SWIFT_STANDARD_LIBRARIES = YES;
				CODE_SIGN_STYLE = Automatic;
				CURRENT_PROJECT_VERSION = 1;
				GENERATE_INFOPLIST_FILE = YES;
				MARKETING_VERSION = 1.0;
				PRODUCT_BUNDLE_IDENTIFIER = nwmissouri.edu.hello3AppUITests;
				PRODUCT_NAME = "$(TARGET_NAME)";
				SWIFT_EMIT_LOC_STRINGS = NO;
				SWIFT_VERSION = 5.0;
				TARGETED_DEVICE_FAMILY = "1,2";
				TEST_TARGET_NAME = hello3App;
			};
			name = Release;
		};
/* End XCBuildConfiguration section */

/* Begin XCConfigurationList section */
		644624B8298033560020A424 /* Build configuration list for PBXProject "hello3App" */ = {
			isa = XCConfigurationList;
			buildConfigurations = (
				644624E52980335A0020A424 /* Debug */,
				644624E62980335A0020A424 /* Release */,
			);
			defaultConfigurationIsVisible = 0;
			defaultConfigurationName = Release;
		};
		644624E72980335A0020A424 /* Build configuration list for PBXNativeTarget "hello3App" */ = {
			isa = XCConfigurationList;
			buildConfigurations = (
				644624E82980335A0020A424 /* Debug */,
				644624E92980335A0020A424 /* Release */,
			);
			defaultConfigurationIsVisible = 0;
			defaultConfigurationName = Release;
		};
		644624EA2980335A0020A424 /* Build configuration list for PBXNativeTarget "hello3AppTests" */ = {
			isa = XCConfigurationList;
			buildConfigurations = (
				644624EB2980335A0020A424 /* Debug */,
				644624EC2980335A0020A424 /* Release */,
			);
			defaultConfigurationIsVisible = 0;
			defaultConfigurationName = Release;
		};
		644624ED2980335A0020A424 /* Build configuration list for PBXNativeTarget "hello3AppUITests" */ = {
			isa = XCConfigurationList;
			buildConfigurations = (
				644624EE2980335A0020A424 /* Debug */,
				644624EF2980335A0020A424 /* Release */,
			);
			defaultConfigurationIsVisible = 0;
			defaultConfigurationName = Release;
		};
/* End XCConfigurationList section */
	};
	rootObject = 644624B5298033560020A424 /* Project object */;
}
