// !$*UTF8*$!
{
	archiveVersion = 1;
	classes = {
	};
	objectVersion = 55;
	objects = {

/* Begin PBXBuildFile section */
		6499712729EBA1BC005DB50D /* AppDelegate.swift in Sources */ = {isa = PBXBuildFile; fileRef = 6499712629EBA1BC005DB50D /* AppDelegate.swift */; };
		6499712929EBA1BC005DB50D /* SceneDelegate.swift in Sources */ = {isa = PBXBuildFile; fileRef = 6499712829EBA1BC005DB50D /* SceneDelegate.swift */; };
		6499712B29EBA1BC005DB50D /* UniversitiesViewController.swift in Sources */ = {isa = PBXBuildFile; fileRef = 6499712A29EBA1BC005DB50D /* UniversitiesViewController.swift */; };
		6499712E29EBA1BC005DB50D /* Main.storyboard in Resources */ = {isa = PBXBuildFile; fileRef = 6499712C29EBA1BC005DB50D /* Main.storyboard */; };
		6499713029EBA1BC005DB50D /* Assets.xcassets in Resources */ = {isa = PBXBuildFile; fileRef = 6499712F29EBA1BC005DB50D /* Assets.xcassets */; };
		6499713329EBA1BC005DB50D /* LaunchScreen.storyboard in Resources */ = {isa = PBXBuildFile; fileRef = 6499713129EBA1BC005DB50D /* LaunchScreen.storyboard */; };
		6499713E29EBA1BD005DB50D /* Annam_UniversityAppTests.swift in Sources */ = {isa = PBXBuildFile; fileRef = 6499713D29EBA1BD005DB50D /* Annam_UniversityAppTests.swift */; };
		6499714829EBA1BD005DB50D /* Annam_UniversityAppUITests.swift in Sources */ = {isa = PBXBuildFile; fileRef = 6499714729EBA1BD005DB50D /* Annam_UniversityAppUITests.swift */; };
		6499714A29EBA1BD005DB50D /* Annam_UniversityAppUITestsLaunchTests.swift in Sources */ = {isa = PBXBuildFile; fileRef = 6499714929EBA1BD005DB50D /* Annam_UniversityAppUITestsLaunchTests.swift */; };
		6499715729EBA376005DB50D /* UniversityListViewController.swift in Sources */ = {isa = PBXBuildFile; fileRef = 6499715629EBA376005DB50D /* UniversityListViewController.swift */; };
		6499715929EBA429005DB50D /* UniversityInfoViewController.swift in Sources */ = {isa = PBXBuildFile; fileRef = 6499715829EBA429005DB50D /* UniversityInfoViewController.swift */; };
		6499715B29EBA91B005DB50D /* Universities.swift in Sources */ = {isa = PBXBuildFile; fileRef = 6499715A29EBA91B005DB50D /* Universities.swift */; };
		6499715F29EBA980005DB50D /* UniversityList.swift in Sources */ = {isa = PBXBuildFile; fileRef = 6499715E29EBA980005DB50D /* UniversityList.swift */; };
/* End PBXBuildFile section */

/* Begin PBXContainerItemProxy section */
		6499713A29EBA1BD005DB50D /* PBXContainerItemProxy */ = {
			isa = PBXContainerItemProxy;
			containerPortal = 6499711B29EBA1BC005DB50D /* Project object */;
			proxyType = 1;
			remoteGlobalIDString = 6499712229EBA1BC005DB50D;
			remoteInfo = Annam_UniversityApp;
		};
		6499714429EBA1BD005DB50D /* PBXContainerItemProxy */ = {
			isa = PBXContainerItemProxy;
			containerPortal = 6499711B29EBA1BC005DB50D /* Project object */;
			proxyType = 1;
			remoteGlobalIDString = 6499712229EBA1BC005DB50D;
			remoteInfo = Annam_UniversityApp;
		};
/* End PBXContainerItemProxy section */

/* Begin PBXFileReference section */
		6499712329EBA1BC005DB50D /* Annam_UniversityApp.app */ = {isa = PBXFileReference; explicitFileType = wrapper.application; includeInIndex = 0; path = Annam_UniversityApp.app; sourceTree = BUILT_PRODUCTS_DIR; };
		6499712629EBA1BC005DB50D /* AppDelegate.swift */ = {isa = PBXFileReference; lastKnownFileType = sourcecode.swift; path = AppDelegate.swift; sourceTree = "<group>"; };
		6499712829EBA1BC005DB50D /* SceneDelegate.swift */ = {isa = PBXFileReference; lastKnownFileType = sourcecode.swift; path = SceneDelegate.swift; sourceTree = "<group>"; };
		6499712A29EBA1BC005DB50D /* UniversitiesViewController.swift */ = {isa = PBXFileReference; lastKnownFileType = sourcecode.swift; path = UniversitiesViewController.swift; sourceTree = "<group>"; };
		6499712D29EBA1BC005DB50D /* Base */ = {isa = PBXFileReference; lastKnownFileType = file.storyboard; name = Base; path = Base.lproj/Main.storyboard; sourceTree = "<group>"; };
		6499712F29EBA1BC005DB50D /* Assets.xcassets */ = {isa = PBXFileReference; lastKnownFileType = folder.assetcatalog; path = Assets.xcassets; sourceTree = "<group>"; };
		6499713229EBA1BC005DB50D /* Base */ = {isa = PBXFileReference; lastKnownFileType = file.storyboard; name = Base; path = Base.lproj/LaunchScreen.storyboard; sourceTree = "<group>"; };
		6499713429EBA1BC005DB50D /* Info.plist */ = {isa = PBXFileReference; lastKnownFileType = text.plist.xml; path = Info.plist; sourceTree = "<group>"; };
		6499713929EBA1BD005DB50D /* Annam_UniversityAppTests.xctest */ = {isa = PBXFileReference; explicitFileType = wrapper.cfbundle; includeInIndex = 0; path = Annam_UniversityAppTests.xctest; sourceTree = BUILT_PRODUCTS_DIR; };
		6499713D29EBA1BD005DB50D /* Annam_UniversityAppTests.swift */ = {isa = PBXFileReference; lastKnownFileType = sourcecode.swift; path = Annam_UniversityAppTests.swift; sourceTree = "<group>"; };
		6499714329EBA1BD005DB50D /* Annam_UniversityAppUITests.xctest */ = {isa = PBXFileReference; explicitFileType = wrapper.cfbundle; includeInIndex = 0; path = Annam_UniversityAppUITests.xctest; sourceTree = BUILT_PRODUCTS_DIR; };
		6499714729EBA1BD005DB50D /* Annam_UniversityAppUITests.swift */ = {isa = PBXFileReference; lastKnownFileType = sourcecode.swift; path = Annam_UniversityAppUITests.swift; sourceTree = "<group>"; };
		6499714929EBA1BD005DB50D /* Annam_UniversityAppUITestsLaunchTests.swift */ = {isa = PBXFileReference; lastKnownFileType = sourcecode.swift; path = Annam_UniversityAppUITestsLaunchTests.swift; sourceTree = "<group>"; };
		6499715629EBA376005DB50D /* UniversityListViewController.swift */ = {isa = PBXFileReference; lastKnownFileType = sourcecode.swift; path = UniversityListViewController.swift; sourceTree = "<group>"; };
		6499715829EBA429005DB50D /* UniversityInfoViewController.swift */ = {isa = PBXFileReference; lastKnownFileType = sourcecode.swift; path = UniversityInfoViewController.swift; sourceTree = "<group>"; };
		6499715A29EBA91B005DB50D /* Universities.swift */ = {isa = PBXFileReference; lastKnownFileType = sourcecode.swift; path = Universities.swift; sourceTree = "<group>"; };
		6499715E29EBA980005DB50D /* UniversityList.swift */ = {isa = PBXFileReference; lastKnownFileType = sourcecode.swift; path = UniversityList.swift; sourceTree = "<group>"; };
/* End PBXFileReference section */

/* Begin PBXFrameworksBuildPhase section */
		6499712029EBA1BC005DB50D /* Frameworks */ = {
			isa = PBXFrameworksBuildPhase;
			buildActionMask = 2147483647;
			files = (
			);
			runOnlyForDeploymentPostprocessing = 0;
		};
		6499713629EBA1BD005DB50D /* Frameworks */ = {
			isa = PBXFrameworksBuildPhase;
			buildActionMask = 2147483647;
			files = (
			);
			runOnlyForDeploymentPostprocessing = 0;
		};
		6499714029EBA1BD005DB50D /* Frameworks */ = {
			isa = PBXFrameworksBuildPhase;
			buildActionMask = 2147483647;
			files = (
			);
			runOnlyForDeploymentPostprocessing = 0;
		};
/* End PBXFrameworksBuildPhase section */

/* Begin PBXGroup section */
		6499711A29EBA1BC005DB50D = {
			isa = PBXGroup;
			children = (
				6499715E29EBA980005DB50D /* UniversityList.swift */,
				6499712529EBA1BC005DB50D /* Annam_UniversityApp */,
				6499713C29EBA1BD005DB50D /* Annam_UniversityAppTests */,
				6499714629EBA1BD005DB50D /* Annam_UniversityAppUITests */,
				6499712429EBA1BC005DB50D /* Products */,
			);
			sourceTree = "<group>";
		};
		6499712429EBA1BC005DB50D /* Products */ = {
			isa = PBXGroup;
			children = (
				6499712329EBA1BC005DB50D /* Annam_UniversityApp.app */,
				6499713929EBA1BD005DB50D /* Annam_UniversityAppTests.xctest */,
				6499714329EBA1BD005DB50D /* Annam_UniversityAppUITests.xctest */,
			);
			name = Products;
			sourceTree = "<group>";
		};
		6499712529EBA1BC005DB50D /* Annam_UniversityApp */ = {
			isa = PBXGroup;
			children = (
				6499712629EBA1BC005DB50D /* AppDelegate.swift */,
				6499712829EBA1BC005DB50D /* SceneDelegate.swift */,
				6499712A29EBA1BC005DB50D /* UniversitiesViewController.swift */,
				6499712C29EBA1BC005DB50D /* Main.storyboard */,
				6499712F29EBA1BC005DB50D /* Assets.xcassets */,
				6499713129EBA1BC005DB50D /* LaunchScreen.storyboard */,
				6499713429EBA1BC005DB50D /* Info.plist */,
				6499715629EBA376005DB50D /* UniversityListViewController.swift */,
				6499715829EBA429005DB50D /* UniversityInfoViewController.swift */,
				6499715A29EBA91B005DB50D /* Universities.swift */,
			);
			path = Annam_UniversityApp;
			sourceTree = "<group>";
		};
		6499713C29EBA1BD005DB50D /* Annam_UniversityAppTests */ = {
			isa = PBXGroup;
			children = (
				6499713D29EBA1BD005DB50D /* Annam_UniversityAppTests.swift */,
			);
			path = Annam_UniversityAppTests;
			sourceTree = "<group>";
		};
		6499714629EBA1BD005DB50D /* Annam_UniversityAppUITests */ = {
			isa = PBXGroup;
			children = (
				6499714729EBA1BD005DB50D /* Annam_UniversityAppUITests.swift */,
				6499714929EBA1BD005DB50D /* Annam_UniversityAppUITestsLaunchTests.swift */,
			);
			path = Annam_UniversityAppUITests;
			sourceTree = "<group>";
		};
/* End PBXGroup section */

/* Begin PBXNativeTarget section */
		6499712229EBA1BC005DB50D /* Annam_UniversityApp */ = {
			isa = PBXNativeTarget;
			buildConfigurationList = 6499714D29EBA1BD005DB50D /* Build configuration list for PBXNativeTarget "Annam_UniversityApp" */;
			buildPhases = (
				6499711F29EBA1BC005DB50D /* Sources */,
				6499712029EBA1BC005DB50D /* Frameworks */,
				6499712129EBA1BC005DB50D /* Resources */,
			);
			buildRules = (
			);
			dependencies = (
			);
			name = Annam_UniversityApp;
			productName = Annam_UniversityApp;
			productReference = 6499712329EBA1BC005DB50D /* Annam_UniversityApp.app */;
			productType = "com.apple.product-type.application";
		};
		6499713829EBA1BD005DB50D /* Annam_UniversityAppTests */ = {
			isa = PBXNativeTarget;
			buildConfigurationList = 6499715029EBA1BD005DB50D /* Build configuration list for PBXNativeTarget "Annam_UniversityAppTests" */;
			buildPhases = (
				6499713529EBA1BD005DB50D /* Sources */,
				6499713629EBA1BD005DB50D /* Frameworks */,
				6499713729EBA1BD005DB50D /* Resources */,
			);
			buildRules = (
			);
			dependencies = (
				6499713B29EBA1BD005DB50D /* PBXTargetDependency */,
			);
			name = Annam_UniversityAppTests;
			productName = Annam_UniversityAppTests;
			productReference = 6499713929EBA1BD005DB50D /* Annam_UniversityAppTests.xctest */;
			productType = "com.apple.product-type.bundle.unit-test";
		};
		6499714229EBA1BD005DB50D /* Annam_UniversityAppUITests */ = {
			isa = PBXNativeTarget;
			buildConfigurationList = 6499715329EBA1BD005DB50D /* Build configuration list for PBXNativeTarget "Annam_UniversityAppUITests" */;
			buildPhases = (
				6499713F29EBA1BD005DB50D /* Sources */,
				6499714029EBA1BD005DB50D /* Frameworks */,
				6499714129EBA1BD005DB50D /* Resources */,
			);
			buildRules = (
			);
			dependencies = (
				6499714529EBA1BD005DB50D /* PBXTargetDependency */,
			);
			name = Annam_UniversityAppUITests;
			productName = Annam_UniversityAppUITests;
			productReference = 6499714329EBA1BD005DB50D /* Annam_UniversityAppUITests.xctest */;
			productType = "com.apple.product-type.bundle.ui-testing";
		};
/* End PBXNativeTarget section */

/* Begin PBXProject section */
		6499711B29EBA1BC005DB50D /* Project object */ = {
			isa = PBXProject;
			attributes = {
				BuildIndependentTargetsInParallel = 1;
				LastSwiftUpdateCheck = 1410;
				LastUpgradeCheck = 1410;
				TargetAttributes = {
					6499712229EBA1BC005DB50D = {
						CreatedOnToolsVersion = 14.1;
					};
					6499713829EBA1BD005DB50D = {
						CreatedOnToolsVersion = 14.1;
						TestTargetID = 6499712229EBA1BC005DB50D;
					};
					6499714229EBA1BD005DB50D = {
						CreatedOnToolsVersion = 14.1;
						TestTargetID = 6499712229EBA1BC005DB50D;
					};
				};
			};
			buildConfigurationList = 6499711E29EBA1BC005DB50D /* Build configuration list for PBXProject "Annam_UniversityApp" */;
			compatibilityVersion = "Xcode 13.0";
			developmentRegion = en;
			hasScannedForEncodings = 0;
			knownRegions = (
				en,
				Base,
			);
			mainGroup = 6499711A29EBA1BC005DB50D;
			productRefGroup = 6499712429EBA1BC005DB50D /* Products */;
			projectDirPath = "";
			projectRoot = "";
			targets = (
				6499712229EBA1BC005DB50D /* Annam_UniversityApp */,
				6499713829EBA1BD005DB50D /* Annam_UniversityAppTests */,
				6499714229EBA1BD005DB50D /* Annam_UniversityAppUITests */,
			);
		};
/* End PBXProject section */

/* Begin PBXResourcesBuildPhase section */
		6499712129EBA1BC005DB50D /* Resources */ = {
			isa = PBXResourcesBuildPhase;
			buildActionMask = 2147483647;
			files = (
				6499713329EBA1BC005DB50D /* LaunchScreen.storyboard in Resources */,
				6499713029EBA1BC005DB50D /* Assets.xcassets in Resources */,
				6499712E29EBA1BC005DB50D /* Main.storyboard in Resources */,
			);
			runOnlyForDeploymentPostprocessing = 0;
		};
		6499713729EBA1BD005DB50D /* Resources */ = {
			isa = PBXResourcesBuildPhase;
			buildActionMask = 2147483647;
			files = (
			);
			runOnlyForDeploymentPostprocessing = 0;
		};
		6499714129EBA1BD005DB50D /* Resources */ = {
			isa = PBXResourcesBuildPhase;
			buildActionMask = 2147483647;
			files = (
			);
			runOnlyForDeploymentPostprocessing = 0;
		};
/* End PBXResourcesBuildPhase section */

/* Begin PBXSourcesBuildPhase section */
		6499711F29EBA1BC005DB50D /* Sources */ = {
			isa = PBXSourcesBuildPhase;
			buildActionMask = 2147483647;
			files = (
				6499712B29EBA1BC005DB50D /* UniversitiesViewController.swift in Sources */,
				6499712729EBA1BC005DB50D /* AppDelegate.swift in Sources */,
				6499715729EBA376005DB50D /* UniversityListViewController.swift in Sources */,
				6499715B29EBA91B005DB50D /* Universities.swift in Sources */,
				6499715929EBA429005DB50D /* UniversityInfoViewController.swift in Sources */,
				6499715F29EBA980005DB50D /* UniversityList.swift in Sources */,
				6499712929EBA1BC005DB50D /* SceneDelegate.swift in Sources */,
			);
			runOnlyForDeploymentPostprocessing = 0;
		};
		6499713529EBA1BD005DB50D /* Sources */ = {
			isa = PBXSourcesBuildPhase;
			buildActionMask = 2147483647;
			files = (
				6499713E29EBA1BD005DB50D /* Annam_UniversityAppTests.swift in Sources */,
			);
			runOnlyForDeploymentPostprocessing = 0;
		};
		6499713F29EBA1BD005DB50D /* Sources */ = {
			isa = PBXSourcesBuildPhase;
			buildActionMask = 2147483647;
			files = (
				6499714A29EBA1BD005DB50D /* Annam_UniversityAppUITestsLaunchTests.swift in Sources */,
				6499714829EBA1BD005DB50D /* Annam_UniversityAppUITests.swift in Sources */,
			);
			runOnlyForDeploymentPostprocessing = 0;
		};
/* End PBXSourcesBuildPhase section */

/* Begin PBXTargetDependency section */
		6499713B29EBA1BD005DB50D /* PBXTargetDependency */ = {
			isa = PBXTargetDependency;
			target = 6499712229EBA1BC005DB50D /* Annam_UniversityApp */;
			targetProxy = 6499713A29EBA1BD005DB50D /* PBXContainerItemProxy */;
		};
		6499714529EBA1BD005DB50D /* PBXTargetDependency */ = {
			isa = PBXTargetDependency;
			target = 6499712229EBA1BC005DB50D /* Annam_UniversityApp */;
			targetProxy = 6499714429EBA1BD005DB50D /* PBXContainerItemProxy */;
		};
/* End PBXTargetDependency section */

/* Begin PBXVariantGroup section */
		6499712C29EBA1BC005DB50D /* Main.storyboard */ = {
			isa = PBXVariantGroup;
			children = (
				6499712D29EBA1BC005DB50D /* Base */,
			);
			name = Main.storyboard;
			sourceTree = "<group>";
		};
		6499713129EBA1BC005DB50D /* LaunchScreen.storyboard */ = {
			isa = PBXVariantGroup;
			children = (
				6499713229EBA1BC005DB50D /* Base */,
			);
			name = LaunchScreen.storyboard;
			sourceTree = "<group>";
		};
/* End PBXVariantGroup section */

/* Begin XCBuildConfiguration section */
		6499714B29EBA1BD005DB50D /* Debug */ = {
			isa = XCBuildConfiguration;
			buildSettings = {
				ALWAYS_SEARCH_USER_PATHS = NO;
				CLANG_ANALYZER_NONNULL = YES;
				CLANG_ANALYZER_NUMBER_OBJECT_CONVERSION = YES_AGGRESSIVE;
				CLANG_CXX_LANGUAGE_STANDARD = "gnu++20";
				CLANG_ENABLE_MODULES = YES;
				CLANG_ENABLE_OBJC_ARC = YES;
				CLANG_ENABLE_OBJC_WEAK = YES;
				CLANG_WARN_BLOCK_CAPTURE_AUTORELEASING = YES;
				CLANG_WARN_BOOL_CONVERSION = YES;
				CLANG_WARN_COMMA = YES;
				CLANG_WARN_CONSTANT_CONVERSION = YES;
				CLANG_WARN_DEPRECATED_OBJC_IMPLEMENTATIONS = YES;
				CLANG_WARN_DIRECT_OBJC_ISA_USAGE = YES_ERROR;
				CLANG_WARN_DOCUMENTATION_COMMENTS = YES;
				CLANG_WARN_EMPTY_BODY = YES;
				CLANG_WARN_ENUM_CONVERSION = YES;
				CLANG_WARN_INFINITE_RECURSION = YES;
				CLANG_WARN_INT_CONVERSION = YES;
				CLANG_WARN_NON_LITERAL_NULL_CONVERSION = YES;
				CLANG_WARN_OBJC_IMPLICIT_RETAIN_SELF = YES;
				CLANG_WARN_OBJC_LITERAL_CONVERSION = YES;
				CLANG_WARN_OBJC_ROOT_CLASS = YES_ERROR;
				CLANG_WARN_QUOTED_INCLUDE_IN_FRAMEWORK_HEADER = YES;
				CLANG_WARN_RANGE_LOOP_ANALYSIS = YES;
				CLANG_WARN_STRICT_PROTOTYPES = YES;
				CLANG_WARN_SUSPICIOUS_MOVE = YES;
				CLANG_WARN_UNGUARDED_AVAILABILITY = YES_AGGRESSIVE;
				CLANG_WARN_UNREACHABLE_CODE = YES;
				CLANG_WARN__DUPLICATE_METHOD_MATCH = YES;
				COPY_PHASE_STRIP = NO;
				DEBUG_INFORMATION_FORMAT = dwarf;
				ENABLE_STRICT_OBJC_MSGSEND = YES;
				ENABLE_TESTABILITY = YES;
				GCC_C_LANGUAGE_STANDARD = gnu11;
				GCC_DYNAMIC_NO_PIC = NO;
				GCC_NO_COMMON_BLOCKS = YES;
				GCC_OPTIMIZATION_LEVEL = 0;
				GCC_PREPROCESSOR_DEFINITIONS = (
					"DEBUG=1",
					"$(inherited)",
				);
				GCC_WARN_64_TO_32_BIT_CONVERSION = YES;
				GCC_WARN_ABOUT_RETURN_TYPE = YES_ERROR;
				GCC_WARN_UNDECLARED_SELECTOR = YES;
				GCC_WARN_UNINITIALIZED_AUTOS = YES_AGGRESSIVE;
				GCC_WARN_UNUSED_FUNCTION = YES;
				GCC_WARN_UNUSED_VARIABLE = YES;
				IPHONEOS_DEPLOYMENT_TARGET = 16.1;
				MTL_ENABLE_DEBUG_INFO = INCLUDE_SOURCE;
				MTL_FAST_MATH = YES;
				ONLY_ACTIVE_ARCH = YES;
				SDKROOT = iphoneos;
				SWIFT_ACTIVE_COMPILATION_CONDITIONS = DEBUG;
				SWIFT_OPTIMIZATION_LEVEL = "-Onone";
			};
			name = Debug;
		};
		6499714C29EBA1BD005DB50D /* Release */ = {
			isa = XCBuildConfiguration;
			buildSettings = {
				ALWAYS_SEARCH_USER_PATHS = NO;
				CLANG_ANALYZER_NONNULL = YES;
				CLANG_ANALYZER_NUMBER_OBJECT_CONVERSION = YES_AGGRESSIVE;
				CLANG_CXX_LANGUAGE_STANDARD = "gnu++20";
				CLANG_ENABLE_MODULES = YES;
				CLANG_ENABLE_OBJC_ARC = YES;
				CLANG_ENABLE_OBJC_WEAK = YES;
				CLANG_WARN_BLOCK_CAPTURE_AUTORELEASING = YES;
				CLANG_WARN_BOOL_CONVERSION = YES;
				CLANG_WARN_COMMA = YES;
				CLANG_WARN_CONSTANT_CONVERSION = YES;
				CLANG_WARN_DEPRECATED_OBJC_IMPLEMENTATIONS = YES;
				CLANG_WARN_DIRECT_OBJC_ISA_USAGE = YES_ERROR;
				CLANG_WARN_DOCUMENTATION_COMMENTS = YES;
				CLANG_WARN_EMPTY_BODY = YES;
				CLANG_WARN_ENUM_CONVERSION = YES;
				CLANG_WARN_INFINITE_RECURSION = YES;
				CLANG_WARN_INT_CONVERSION = YES;
				CLANG_WARN_NON_LITERAL_NULL_CONVERSION = YES;
				CLANG_WARN_OBJC_IMPLICIT_RETAIN_SELF = YES;
				CLANG_WARN_OBJC_LITERAL_CONVERSION = YES;
				CLANG_WARN_OBJC_ROOT_CLASS = YES_ERROR;
				CLANG_WARN_QUOTED_INCLUDE_IN_FRAMEWORK_HEADER = YES;
				CLANG_WARN_RANGE_LOOP_ANALYSIS = YES;
				CLANG_WARN_STRICT_PROTOTYPES = YES;
				CLANG_WARN_SUSPICIOUS_MOVE = YES;
				CLANG_WARN_UNGUARDED_AVAILABILITY = YES_AGGRESSIVE;
				CLANG_WARN_UNREACHABLE_CODE = YES;
				CLANG_WARN__DUPLICATE_METHOD_MATCH = YES;
				COPY_PHASE_STRIP = NO;
				DEBUG_INFORMATION_FORMAT = "dwarf-with-dsym";
				ENABLE_NS_ASSERTIONS = NO;
				ENABLE_STRICT_OBJC_MSGSEND = YES;
				GCC_C_LANGUAGE_STANDARD = gnu11;
				GCC_NO_COMMON_BLOCKS = YES;
				GCC_WARN_64_TO_32_BIT_CONVERSION = YES;
				GCC_WARN_ABOUT_RETURN_TYPE = YES_ERROR;
				GCC_WARN_UNDECLARED_SELECTOR = YES;
				GCC_WARN_UNINITIALIZED_AUTOS = YES_AGGRESSIVE;
				GCC_WARN_UNUSED_FUNCTION = YES;
				GCC_WARN_UNUSED_VARIABLE = YES;
				IPHONEOS_DEPLOYMENT_TARGET = 16.1;
				MTL_ENABLE_DEBUG_INFO = NO;
				MTL_FAST_MATH = YES;
				SDKROOT = iphoneos;
				SWIFT_COMPILATION_MODE = wholemodule;
				SWIFT_OPTIMIZATION_LEVEL = "-O";
				VALIDATE_PRODUCT = YES;
			};
			name = Release;
		};
		6499714E29EBA1BD005DB50D /* Debug */ = {
			isa = XCBuildConfiguration;
			buildSettings = {
				ASSETCATALOG_COMPILER_APPICON_NAME = AppIcon;
				ASSETCATALOG_COMPILER_GLOBAL_ACCENT_COLOR_NAME = AccentColor;
				CODE_SIGN_STYLE = Automatic;
				CURRENT_PROJECT_VERSION = 1;
				GENERATE_INFOPLIST_FILE = YES;
				INFOPLIST_FILE = Annam_UniversityApp/Info.plist;
				INFOPLIST_KEY_CFBundleDisplayName = Annam_UniversityApp;
				INFOPLIST_KEY_UIApplicationSupportsIndirectInputEvents = YES;
				INFOPLIST_KEY_UILaunchStoryboardName = LaunchScreen;
				INFOPLIST_KEY_UIMainStoryboardFile = Main;
				INFOPLIST_KEY_UISupportedInterfaceOrientations_iPad = "UIInterfaceOrientationPortrait UIInterfaceOrientationPortraitUpsideDown UIInterfaceOrientationLandscapeLeft UIInterfaceOrientationLandscapeRight";
				INFOPLIST_KEY_UISupportedInterfaceOrientations_iPhone = "UIInterfaceOrientationPortrait UIInterfaceOrientationLandscapeLeft UIInterfaceOrientationLandscapeRight";
				IPHONEOS_DEPLOYMENT_TARGET = 15.5;
				LD_RUNPATH_SEARCH_PATHS = (
					"$(inherited)",
					"@executable_path/Frameworks",
				);
				MARKETING_VERSION = 1.0;
				PRODUCT_BUNDLE_IDENTIFIER = "nwmsu.Annam-UniversityApp";
				PRODUCT_NAME = "$(TARGET_NAME)";
				SWIFT_EMIT_LOC_STRINGS = YES;
				SWIFT_VERSION = 5.0;
				TARGETED_DEVICE_FAMILY = "1,2";
			};
			name = Debug;
		};
		6499714F29EBA1BD005DB50D /* Release */ = {
			isa = XCBuildConfiguration;
			buildSettings = {
				ASSETCATALOG_COMPILER_APPICON_NAME = AppIcon;
				ASSETCATALOG_COMPILER_GLOBAL_ACCENT_COLOR_NAME = AccentColor;
				CODE_SIGN_STYLE = Automatic;
				CURRENT_PROJECT_VERSION = 1;
				GENERATE_INFOPLIST_FILE = YES;
				INFOPLIST_FILE = Annam_UniversityApp/Info.plist;
				INFOPLIST_KEY_CFBundleDisplayName = Annam_UniversityApp;
				INFOPLIST_KEY_UIApplicationSupportsIndirectInputEvents = YES;
				INFOPLIST_KEY_UILaunchStoryboardName = LaunchScreen;
				INFOPLIST_KEY_UIMainStoryboardFile = Main;
				INFOPLIST_KEY_UISupportedInterfaceOrientations_iPad = "UIInterfaceOrientationPortrait UIInterfaceOrientationPortraitUpsideDown UIInterfaceOrientationLandscapeLeft UIInterfaceOrientationLandscapeRight";
				INFOPLIST_KEY_UISupportedInterfaceOrientations_iPhone = "UIInterfaceOrientationPortrait UIInterfaceOrientationLandscapeLeft UIInterfaceOrientationLandscapeRight";
				IPHONEOS_DEPLOYMENT_TARGET = 15.5;
				LD_RUNPATH_SEARCH_PATHS = (
					"$(inherited)",
					"@executable_path/Frameworks",
				);
				MARKETING_VERSION = 1.0;
				PRODUCT_BUNDLE_IDENTIFIER = "nwmsu.Annam-UniversityApp";
				PRODUCT_NAME = "$(TARGET_NAME)";
				SWIFT_EMIT_LOC_STRINGS = YES;
				SWIFT_VERSION = 5.0;
				TARGETED_DEVICE_FAMILY = "1,2";
			};
			name = Release;
		};
		6499715129EBA1BD005DB50D /* Debug */ = {
			isa = XCBuildConfiguration;
			buildSettings = {
				ALWAYS_EMBED_SWIFT_STANDARD_LIBRARIES = YES;
				BUNDLE_LOADER = "$(TEST_HOST)";
				CODE_SIGN_STYLE = Automatic;
				CURRENT_PROJECT_VERSION = 1;
				GENERATE_INFOPLIST_FILE = YES;
				IPHONEOS_DEPLOYMENT_TARGET = 16.1;
				MARKETING_VERSION = 1.0;
				PRODUCT_BUNDLE_IDENTIFIER = "nwmsu.Annam-UniversityAppTests";
				PRODUCT_NAME = "$(TARGET_NAME)";
				SWIFT_EMIT_LOC_STRINGS = NO;
				SWIFT_VERSION = 5.0;
				TARGETED_DEVICE_FAMILY = "1,2";
				TEST_HOST = "$(BUILT_PRODUCTS_DIR)/Annam_UniversityApp.app/$(BUNDLE_EXECUTABLE_FOLDER_PATH)/Annam_UniversityApp";
			};
			name = Debug;
		};
		6499715229EBA1BD005DB50D /* Release */ = {
			isa = XCBuildConfiguration;
			buildSettings = {
				ALWAYS_EMBED_SWIFT_STANDARD_LIBRARIES = YES;
				BUNDLE_LOADER = "$(TEST_HOST)";
				CODE_SIGN_STYLE = Automatic;
				CURRENT_PROJECT_VERSION = 1;
				GENERATE_INFOPLIST_FILE = YES;
				IPHONEOS_DEPLOYMENT_TARGET = 16.1;
				MARKETING_VERSION = 1.0;
				PRODUCT_BUNDLE_IDENTIFIER = "nwmsu.Annam-UniversityAppTests";
				PRODUCT_NAME = "$(TARGET_NAME)";
				SWIFT_EMIT_LOC_STRINGS = NO;
				SWIFT_VERSION = 5.0;
				TARGETED_DEVICE_FAMILY = "1,2";
				TEST_HOST = "$(BUILT_PRODUCTS_DIR)/Annam_UniversityApp.app/$(BUNDLE_EXECUTABLE_FOLDER_PATH)/Annam_UniversityApp";
			};
			name = Release;
		};
		6499715429EBA1BD005DB50D /* Debug */ = {
			isa = XCBuildConfiguration;
			buildSettings = {
				ALWAYS_EMBED_SWIFT_STANDARD_LIBRARIES = YES;
				CODE_SIGN_STYLE = Automatic;
				CURRENT_PROJECT_VERSION = 1;
				GENERATE_INFOPLIST_FILE = YES;
				MARKETING_VERSION = 1.0;
				PRODUCT_BUNDLE_IDENTIFIER = "nwmsu.Annam-UniversityAppUITests";
				PRODUCT_NAME = "$(TARGET_NAME)";
				SWIFT_EMIT_LOC_STRINGS = NO;
				SWIFT_VERSION = 5.0;
				TARGETED_DEVICE_FAMILY = "1,2";
				TEST_TARGET_NAME = Annam_UniversityApp;
			};
			name = Debug;
		};
		6499715529EBA1BD005DB50D /* Release */ = {
			isa = XCBuildConfiguration;
			buildSettings = {
				ALWAYS_EMBED_SWIFT_STANDARD_LIBRARIES = YES;
				CODE_SIGN_STYLE = Automatic;
				CURRENT_PROJECT_VERSION = 1;
				GENERATE_INFOPLIST_FILE = YES;
				MARKETING_VERSION = 1.0;
				PRODUCT_BUNDLE_IDENTIFIER = "nwmsu.Annam-UniversityAppUITests";
				PRODUCT_NAME = "$(TARGET_NAME)";
				SWIFT_EMIT_LOC_STRINGS = NO;
				SWIFT_VERSION = 5.0;
				TARGETED_DEVICE_FAMILY = "1,2";
				TEST_TARGET_NAME = Annam_UniversityApp;
			};
			name = Release;
		};
/* End XCBuildConfiguration section */

/* Begin XCConfigurationList section */
		6499711E29EBA1BC005DB50D /* Build configuration list for PBXProject "Annam_UniversityApp" */ = {
			isa = XCConfigurationList;
			buildConfigurations = (
				6499714B29EBA1BD005DB50D /* Debug */,
				6499714C29EBA1BD005DB50D /* Release */,
			);
			defaultConfigurationIsVisible = 0;
			defaultConfigurationName = Release;
		};
		6499714D29EBA1BD005DB50D /* Build configuration list for PBXNativeTarget "Annam_UniversityApp" */ = {
			isa = XCConfigurationList;
			buildConfigurations = (
				6499714E29EBA1BD005DB50D /* Debug */,
				6499714F29EBA1BD005DB50D /* Release */,
			);
			defaultConfigurationIsVisible = 0;
			defaultConfigurationName = Release;
		};
		6499715029EBA1BD005DB50D /* Build configuration list for PBXNativeTarget "Annam_UniversityAppTests" */ = {
			isa = XCConfigurationList;
			buildConfigurations = (
				6499715129EBA1BD005DB50D /* Debug */,
				6499715229EBA1BD005DB50D /* Release */,
			);
			defaultConfigurationIsVisible = 0;
			defaultConfigurationName = Release;
		};
		6499715329EBA1BD005DB50D /* Build configuration list for PBXNativeTarget "Annam_UniversityAppUITests" */ = {
			isa = XCConfigurationList;
			buildConfigurations = (
				6499715429EBA1BD005DB50D /* Debug */,
				6499715529EBA1BD005DB50D /* Release */,
			);
			defaultConfigurationIsVisible = 0;
			defaultConfigurationName = Release;
		};
/* End XCConfigurationList section */
	};
	rootObject = 6499711B29EBA1BC005DB50D /* Project object */;
}
