// !$*UTF8*$!
{
	archiveVersion = 1;
	classes = {
	};
	objectVersion = 56;
	objects = {

/* Begin PBXBuildFile section */
		649971AD29F4F435005DB50D /* AppDelegate.swift in Sources */ = {isa = PBXBuildFile; fileRef = 649971AC29F4F435005DB50D /* AppDelegate.swift */; };
		649971AF29F4F435005DB50D /* SceneDelegate.swift in Sources */ = {isa = PBXBuildFile; fileRef = 649971AE29F4F435005DB50D /* SceneDelegate.swift */; };
		649971B129F4F435005DB50D /* GenreViewController.swift in Sources */ = {isa = PBXBuildFile; fileRef = 649971B029F4F435005DB50D /* GenreViewController.swift */; };
		649971B429F4F435005DB50D /* Main.storyboard in Resources */ = {isa = PBXBuildFile; fileRef = 649971B229F4F435005DB50D /* Main.storyboard */; };
		649971B629F4F436005DB50D /* Assets.xcassets in Resources */ = {isa = PBXBuildFile; fileRef = 649971B529F4F436005DB50D /* Assets.xcassets */; };
		649971B929F4F436005DB50D /* LaunchScreen.storyboard in Resources */ = {isa = PBXBuildFile; fileRef = 649971B729F4F436005DB50D /* LaunchScreen.storyboard */; };
		649971C429F4F436005DB50D /* Annam_MoviesTests.swift in Sources */ = {isa = PBXBuildFile; fileRef = 649971C329F4F436005DB50D /* Annam_MoviesTests.swift */; };
		649971CE29F4F436005DB50D /* Annam_MoviesUITests.swift in Sources */ = {isa = PBXBuildFile; fileRef = 649971CD29F4F436005DB50D /* Annam_MoviesUITests.swift */; };
		649971D029F4F436005DB50D /* Annam_MoviesUITestsLaunchTests.swift in Sources */ = {isa = PBXBuildFile; fileRef = 649971CF29F4F436005DB50D /* Annam_MoviesUITestsLaunchTests.swift */; };
		649971DD29F4F8D6005DB50D /* MoviesViewController.swift in Sources */ = {isa = PBXBuildFile; fileRef = 649971DC29F4F8D6005DB50D /* MoviesViewController.swift */; };
		649971DF29F5056C005DB50D /* MovieCollectionViewCell.swift in Sources */ = {isa = PBXBuildFile; fileRef = 649971DE29F5056C005DB50D /* MovieCollectionViewCell.swift */; };
		649971E129F505EC005DB50D /* MovieData.swift in Sources */ = {isa = PBXBuildFile; fileRef = 649971E029F505EC005DB50D /* MovieData.swift */; };
/* End PBXBuildFile section */

/* Begin PBXContainerItemProxy section */
		649971C029F4F436005DB50D /* PBXContainerItemProxy */ = {
			isa = PBXContainerItemProxy;
			containerPortal = 649971A129F4F435005DB50D /* Project object */;
			proxyType = 1;
			remoteGlobalIDString = 649971A829F4F435005DB50D;
			remoteInfo = Annam_Movies;
		};
		649971CA29F4F436005DB50D /* PBXContainerItemProxy */ = {
			isa = PBXContainerItemProxy;
			containerPortal = 649971A129F4F435005DB50D /* Project object */;
			proxyType = 1;
			remoteGlobalIDString = 649971A829F4F435005DB50D;
			remoteInfo = Annam_Movies;
		};
/* End PBXContainerItemProxy section */

/* Begin PBXFileReference section */
		649971A929F4F435005DB50D /* Annam_Movies.app */ = {isa = PBXFileReference; explicitFileType = wrapper.application; includeInIndex = 0; path = Annam_Movies.app; sourceTree = BUILT_PRODUCTS_DIR; };
		649971AC29F4F435005DB50D /* AppDelegate.swift */ = {isa = PBXFileReference; lastKnownFileType = sourcecode.swift; path = AppDelegate.swift; sourceTree = "<group>"; };
		649971AE29F4F435005DB50D /* SceneDelegate.swift */ = {isa = PBXFileReference; lastKnownFileType = sourcecode.swift; path = SceneDelegate.swift; sourceTree = "<group>"; };
		649971B029F4F435005DB50D /* GenreViewController.swift */ = {isa = PBXFileReference; lastKnownFileType = sourcecode.swift; path = GenreViewController.swift; sourceTree = "<group>"; };
		649971B329F4F435005DB50D /* Base */ = {isa = PBXFileReference; lastKnownFileType = file.storyboard; name = Base; path = Base.lproj/Main.storyboard; sourceTree = "<group>"; };
		649971B529F4F436005DB50D /* Assets.xcassets */ = {isa = PBXFileReference; lastKnownFileType = folder.assetcatalog; path = Assets.xcassets; sourceTree = "<group>"; };
		649971B829F4F436005DB50D /* Base */ = {isa = PBXFileReference; lastKnownFileType = file.storyboard; name = Base; path = Base.lproj/LaunchScreen.storyboard; sourceTree = "<group>"; };
		649971BA29F4F436005DB50D /* Info.plist */ = {isa = PBXFileReference; lastKnownFileType = text.plist.xml; path = Info.plist; sourceTree = "<group>"; };
		649971BF29F4F436005DB50D /* Annam_MoviesTests.xctest */ = {isa = PBXFileReference; explicitFileType = wrapper.cfbundle; includeInIndex = 0; path = Annam_MoviesTests.xctest; sourceTree = BUILT_PRODUCTS_DIR; };
		649971C329F4F436005DB50D /* Annam_MoviesTests.swift */ = {isa = PBXFileReference; lastKnownFileType = sourcecode.swift; path = Annam_MoviesTests.swift; sourceTree = "<group>"; };
		649971C929F4F436005DB50D /* Annam_MoviesUITests.xctest */ = {isa = PBXFileReference; explicitFileType = wrapper.cfbundle; includeInIndex = 0; path = Annam_MoviesUITests.xctest; sourceTree = BUILT_PRODUCTS_DIR; };
		649971CD29F4F436005DB50D /* Annam_MoviesUITests.swift */ = {isa = PBXFileReference; lastKnownFileType = sourcecode.swift; path = Annam_MoviesUITests.swift; sourceTree = "<group>"; };
		649971CF29F4F436005DB50D /* Annam_MoviesUITestsLaunchTests.swift */ = {isa = PBXFileReference; lastKnownFileType = sourcecode.swift; path = Annam_MoviesUITestsLaunchTests.swift; sourceTree = "<group>"; };
		649971DC29F4F8D6005DB50D /* MoviesViewController.swift */ = {isa = PBXFileReference; lastKnownFileType = sourcecode.swift; path = MoviesViewController.swift; sourceTree = "<group>"; };
		649971DE29F5056C005DB50D /* MovieCollectionViewCell.swift */ = {isa = PBXFileReference; lastKnownFileType = sourcecode.swift; path = MovieCollectionViewCell.swift; sourceTree = "<group>"; };
		649971E029F505EC005DB50D /* MovieData.swift */ = {isa = PBXFileReference; lastKnownFileType = sourcecode.swift; path = MovieData.swift; sourceTree = "<group>"; };
/* End PBXFileReference section */

/* Begin PBXFrameworksBuildPhase section */
		649971A629F4F435005DB50D /* Frameworks */ = {
			isa = PBXFrameworksBuildPhase;
			buildActionMask = 2147483647;
			files = (
			);
			runOnlyForDeploymentPostprocessing = 0;
		};
		649971BC29F4F436005DB50D /* Frameworks */ = {
			isa = PBXFrameworksBuildPhase;
			buildActionMask = 2147483647;
			files = (
			);
			runOnlyForDeploymentPostprocessing = 0;
		};
		649971C629F4F436005DB50D /* Frameworks */ = {
			isa = PBXFrameworksBuildPhase;
			buildActionMask = 2147483647;
			files = (
			);
			runOnlyForDeploymentPostprocessing = 0;
		};
/* End PBXFrameworksBuildPhase section */

/* Begin PBXGroup section */
		649971A029F4F435005DB50D = {
			isa = PBXGroup;
			children = (
				649971AB29F4F435005DB50D /* Annam_Movies */,
				649971C229F4F436005DB50D /* Annam_MoviesTests */,
				649971CC29F4F436005DB50D /* Annam_MoviesUITests */,
				649971AA29F4F435005DB50D /* Products */,
			);
			sourceTree = "<group>";
		};
		649971AA29F4F435005DB50D /* Products */ = {
			isa = PBXGroup;
			children = (
				649971A929F4F435005DB50D /* Annam_Movies.app */,
				649971BF29F4F436005DB50D /* Annam_MoviesTests.xctest */,
				649971C929F4F436005DB50D /* Annam_MoviesUITests.xctest */,
			);
			name = Products;
			sourceTree = "<group>";
		};
		649971AB29F4F435005DB50D /* Annam_Movies */ = {
			isa = PBXGroup;
			children = (
				649971AC29F4F435005DB50D /* AppDelegate.swift */,
				649971AE29F4F435005DB50D /* SceneDelegate.swift */,
				649971B029F4F435005DB50D /* GenreViewController.swift */,
				649971B229F4F435005DB50D /* Main.storyboard */,
				649971B529F4F436005DB50D /* Assets.xcassets */,
				649971B729F4F436005DB50D /* LaunchScreen.storyboard */,
				649971BA29F4F436005DB50D /* Info.plist */,
				649971DC29F4F8D6005DB50D /* MoviesViewController.swift */,
				649971DE29F5056C005DB50D /* MovieCollectionViewCell.swift */,
				649971E029F505EC005DB50D /* MovieData.swift */,
			);
			path = Annam_Movies;
			sourceTree = "<group>";
		};
		649971C229F4F436005DB50D /* Annam_MoviesTests */ = {
			isa = PBXGroup;
			children = (
				649971C329F4F436005DB50D /* Annam_MoviesTests.swift */,
			);
			path = Annam_MoviesTests;
			sourceTree = "<group>";
		};
		649971CC29F4F436005DB50D /* Annam_MoviesUITests */ = {
			isa = PBXGroup;
			children = (
				649971CD29F4F436005DB50D /* Annam_MoviesUITests.swift */,
				649971CF29F4F436005DB50D /* Annam_MoviesUITestsLaunchTests.swift */,
			);
			path = Annam_MoviesUITests;
			sourceTree = "<group>";
		};
/* End PBXGroup section */

/* Begin PBXNativeTarget section */
		649971A829F4F435005DB50D /* Annam_Movies */ = {
			isa = PBXNativeTarget;
			buildConfigurationList = 649971D329F4F436005DB50D /* Build configuration list for PBXNativeTarget "Annam_Movies" */;
			buildPhases = (
				649971A529F4F435005DB50D /* Sources */,
				649971A629F4F435005DB50D /* Frameworks */,
				649971A729F4F435005DB50D /* Resources */,
			);
			buildRules = (
			);
			dependencies = (
			);
			name = Annam_Movies;
			productName = Annam_Movies;
			productReference = 649971A929F4F435005DB50D /* Annam_Movies.app */;
			productType = "com.apple.product-type.application";
		};
		649971BE29F4F436005DB50D /* Annam_MoviesTests */ = {
			isa = PBXNativeTarget;
			buildConfigurationList = 649971D629F4F436005DB50D /* Build configuration list for PBXNativeTarget "Annam_MoviesTests" */;
			buildPhases = (
				649971BB29F4F436005DB50D /* Sources */,
				649971BC29F4F436005DB50D /* Frameworks */,
				649971BD29F4F436005DB50D /* Resources */,
			);
			buildRules = (
			);
			dependencies = (
				649971C129F4F436005DB50D /* PBXTargetDependency */,
			);
			name = Annam_MoviesTests;
			productName = Annam_MoviesTests;
			productReference = 649971BF29F4F436005DB50D /* Annam_MoviesTests.xctest */;
			productType = "com.apple.product-type.bundle.unit-test";
		};
		649971C829F4F436005DB50D /* Annam_MoviesUITests */ = {
			isa = PBXNativeTarget;
			buildConfigurationList = 649971D929F4F436005DB50D /* Build configuration list for PBXNativeTarget "Annam_MoviesUITests" */;
			buildPhases = (
				649971C529F4F436005DB50D /* Sources */,
				649971C629F4F436005DB50D /* Frameworks */,
				649971C729F4F436005DB50D /* Resources */,
			);
			buildRules = (
			);
			dependencies = (
				649971CB29F4F436005DB50D /* PBXTargetDependency */,
			);
			name = Annam_MoviesUITests;
			productName = Annam_MoviesUITests;
			productReference = 649971C929F4F436005DB50D /* Annam_MoviesUITests.xctest */;
			productType = "com.apple.product-type.bundle.ui-testing";
		};
/* End PBXNativeTarget section */

/* Begin PBXProject section */
		649971A129F4F435005DB50D /* Project object */ = {
			isa = PBXProject;
			attributes = {
				BuildIndependentTargetsInParallel = 1;
				LastSwiftUpdateCheck = 1410;
				LastUpgradeCheck = 1410;
				TargetAttributes = {
					649971A829F4F435005DB50D = {
						CreatedOnToolsVersion = 14.1;
					};
					649971BE29F4F436005DB50D = {
						CreatedOnToolsVersion = 14.1;
						TestTargetID = 649971A829F4F435005DB50D;
					};
					649971C829F4F436005DB50D = {
						CreatedOnToolsVersion = 14.1;
						TestTargetID = 649971A829F4F435005DB50D;
					};
				};
			};
			buildConfigurationList = 649971A429F4F435005DB50D /* Build configuration list for PBXProject "Annam_Movies" */;
			compatibilityVersion = "Xcode 14.0";
			developmentRegion = en;
			hasScannedForEncodings = 0;
			knownRegions = (
				en,
				Base,
			);
			mainGroup = 649971A029F4F435005DB50D;
			productRefGroup = 649971AA29F4F435005DB50D /* Products */;
			projectDirPath = "";
			projectRoot = "";
			targets = (
				649971A829F4F435005DB50D /* Annam_Movies */,
				649971BE29F4F436005DB50D /* Annam_MoviesTests */,
				649971C829F4F436005DB50D /* Annam_MoviesUITests */,
			);
		};
/* End PBXProject section */

/* Begin PBXResourcesBuildPhase section */
		649971A729F4F435005DB50D /* Resources */ = {
			isa = PBXResourcesBuildPhase;
			buildActionMask = 2147483647;
			files = (
				649971B929F4F436005DB50D /* LaunchScreen.storyboard in Resources */,
				649971B629F4F436005DB50D /* Assets.xcassets in Resources */,
				649971B429F4F435005DB50D /* Main.storyboard in Resources */,
			);
			runOnlyForDeploymentPostprocessing = 0;
		};
		649971BD29F4F436005DB50D /* Resources */ = {
			isa = PBXResourcesBuildPhase;
			buildActionMask = 2147483647;
			files = (
			);
			runOnlyForDeploymentPostprocessing = 0;
		};
		649971C729F4F436005DB50D /* Resources */ = {
			isa = PBXResourcesBuildPhase;
			buildActionMask = 2147483647;
			files = (
			);
			runOnlyForDeploymentPostprocessing = 0;
		};
/* End PBXResourcesBuildPhase section */

/* Begin PBXSourcesBuildPhase section */
		649971A529F4F435005DB50D /* Sources */ = {
			isa = PBXSourcesBuildPhase;
			buildActionMask = 2147483647;
			files = (
				649971E129F505EC005DB50D /* MovieData.swift in Sources */,
				649971B129F4F435005DB50D /* GenreViewController.swift in Sources */,
				649971AD29F4F435005DB50D /* AppDelegate.swift in Sources */,
				649971DF29F5056C005DB50D /* MovieCollectionViewCell.swift in Sources */,
				649971AF29F4F435005DB50D /* SceneDelegate.swift in Sources */,
				649971DD29F4F8D6005DB50D /* MoviesViewController.swift in Sources */,
			);
			runOnlyForDeploymentPostprocessing = 0;
		};
		649971BB29F4F436005DB50D /* Sources */ = {
			isa = PBXSourcesBuildPhase;
			buildActionMask = 2147483647;
			files = (
				649971C429F4F436005DB50D /* Annam_MoviesTests.swift in Sources */,
			);
			runOnlyForDeploymentPostprocessing = 0;
		};
		649971C529F4F436005DB50D /* Sources */ = {
			isa = PBXSourcesBuildPhase;
			buildActionMask = 2147483647;
			files = (
				649971CE29F4F436005DB50D /* Annam_MoviesUITests.swift in Sources */,
				649971D029F4F436005DB50D /* Annam_MoviesUITestsLaunchTests.swift in Sources */,
			);
			runOnlyForDeploymentPostprocessing = 0;
		};
/* End PBXSourcesBuildPhase section */

/* Begin PBXTargetDependency section */
		649971C129F4F436005DB50D /* PBXTargetDependency */ = {
			isa = PBXTargetDependency;
			target = 649971A829F4F435005DB50D /* Annam_Movies */;
			targetProxy = 649971C029F4F436005DB50D /* PBXContainerItemProxy */;
		};
		649971CB29F4F436005DB50D /* PBXTargetDependency */ = {
			isa = PBXTargetDependency;
			target = 649971A829F4F435005DB50D /* Annam_Movies */;
			targetProxy = 649971CA29F4F436005DB50D /* PBXContainerItemProxy */;
		};
/* End PBXTargetDependency section */

/* Begin PBXVariantGroup section */
		649971B229F4F435005DB50D /* Main.storyboard */ = {
			isa = PBXVariantGroup;
			children = (
				649971B329F4F435005DB50D /* Base */,
			);
			name = Main.storyboard;
			sourceTree = "<group>";
		};
		649971B729F4F436005DB50D /* LaunchScreen.storyboard */ = {
			isa = PBXVariantGroup;
			children = (
				649971B829F4F436005DB50D /* Base */,
			);
			name = LaunchScreen.storyboard;
			sourceTree = "<group>";
		};
/* End PBXVariantGroup section */

/* Begin XCBuildConfiguration section */
		649971D129F4F436005DB50D /* Debug */ = {
			isa = XCBuildConfiguration;
			buildSettings = {
				ALWAYS_SEARCH_USER_PATHS = NO;
				CLANG_ANALYZER_NONNULL = YES;
				CLANG_ANALYZER_NUMBER_OBJECT_CONVERSION = YES_AGGRESSIVE;
				CLANG_CXX_LANGUAGE_STANDARD = "gnu++20";
				CLANG_ENABLE_MODULES = YES;
				CLANG_ENABLE_OBJC_ARC = YES;
				CLANG_ENABLE_OBJC_WEAK = YES;
				CLANG_WARN_BLOCK_CAPTURE_AUTORELEASING = YES;
				CLANG_WARN_BOOL_CONVERSION = YES;
				CLANG_WARN_COMMA = YES;
				CLANG_WARN_CONSTANT_CONVERSION = YES;
				CLANG_WARN_DEPRECATED_OBJC_IMPLEMENTATIONS = YES;
				CLANG_WARN_DIRECT_OBJC_ISA_USAGE = YES_ERROR;
				CLANG_WARN_DOCUMENTATION_COMMENTS = YES;
				CLANG_WARN_EMPTY_BODY = YES;
				CLANG_WARN_ENUM_CONVERSION = YES;
				CLANG_WARN_INFINITE_RECURSION = YES;
				CLANG_WARN_INT_CONVERSION = YES;
				CLANG_WARN_NON_LITERAL_NULL_CONVERSION = YES;
				CLANG_WARN_OBJC_IMPLICIT_RETAIN_SELF = YES;
				CLANG_WARN_OBJC_LITERAL_CONVERSION = YES;
				CLANG_WARN_OBJC_ROOT_CLASS = YES_ERROR;
				CLANG_WARN_QUOTED_INCLUDE_IN_FRAMEWORK_HEADER = YES;
				CLANG_WARN_RANGE_LOOP_ANALYSIS = YES;
				CLANG_WARN_STRICT_PROTOTYPES = YES;
				CLANG_WARN_SUSPICIOUS_MOVE = YES;
				CLANG_WARN_UNGUARDED_AVAILABILITY = YES_AGGRESSIVE;
				CLANG_WARN_UNREACHABLE_CODE = YES;
				CLANG_WARN__DUPLICATE_METHOD_MATCH = YES;
				COPY_PHASE_STRIP = NO;
				DEBUG_INFORMATION_FORMAT = dwarf;
				ENABLE_STRICT_OBJC_MSGSEND = YES;
				ENABLE_TESTABILITY = YES;
				GCC_C_LANGUAGE_STANDARD = gnu11;
				GCC_DYNAMIC_NO_PIC = NO;
				GCC_NO_COMMON_BLOCKS = YES;
				GCC_OPTIMIZATION_LEVEL = 0;
				GCC_PREPROCESSOR_DEFINITIONS = (
					"DEBUG=1",
					"$(inherited)",
				);
				GCC_WARN_64_TO_32_BIT_CONVERSION = YES;
				GCC_WARN_ABOUT_RETURN_TYPE = YES_ERROR;
				GCC_WARN_UNDECLARED_SELECTOR = YES;
				GCC_WARN_UNINITIALIZED_AUTOS = YES_AGGRESSIVE;
				GCC_WARN_UNUSED_FUNCTION = YES;
				GCC_WARN_UNUSED_VARIABLE = YES;
				IPHONEOS_DEPLOYMENT_TARGET = 16.1;
				MTL_ENABLE_DEBUG_INFO = INCLUDE_SOURCE;
				MTL_FAST_MATH = YES;
				ONLY_ACTIVE_ARCH = YES;
				SDKROOT = iphoneos;
				SWIFT_ACTIVE_COMPILATION_CONDITIONS = DEBUG;
				SWIFT_OPTIMIZATION_LEVEL = "-Onone";
			};
			name = Debug;
		};
		649971D229F4F436005DB50D /* Release */ = {
			isa = XCBuildConfiguration;
			buildSettings = {
				ALWAYS_SEARCH_USER_PATHS = NO;
				CLANG_ANALYZER_NONNULL = YES;
				CLANG_ANALYZER_NUMBER_OBJECT_CONVERSION = YES_AGGRESSIVE;
				CLANG_CXX_LANGUAGE_STANDARD = "gnu++20";
				CLANG_ENABLE_MODULES = YES;
				CLANG_ENABLE_OBJC_ARC = YES;
				CLANG_ENABLE_OBJC_WEAK = YES;
				CLANG_WARN_BLOCK_CAPTURE_AUTORELEASING = YES;
				CLANG_WARN_BOOL_CONVERSION = YES;
				CLANG_WARN_COMMA = YES;
				CLANG_WARN_CONSTANT_CONVERSION = YES;
				CLANG_WARN_DEPRECATED_OBJC_IMPLEMENTATIONS = YES;
				CLANG_WARN_DIRECT_OBJC_ISA_USAGE = YES_ERROR;
				CLANG_WARN_DOCUMENTATION_COMMENTS = YES;
				CLANG_WARN_EMPTY_BODY = YES;
				CLANG_WARN_ENUM_CONVERSION = YES;
				CLANG_WARN_INFINITE_RECURSION = YES;
				CLANG_WARN_INT_CONVERSION = YES;
				CLANG_WARN_NON_LITERAL_NULL_CONVERSION = YES;
				CLANG_WARN_OBJC_IMPLICIT_RETAIN_SELF = YES;
				CLANG_WARN_OBJC_LITERAL_CONVERSION = YES;
				CLANG_WARN_OBJC_ROOT_CLASS = YES_ERROR;
				CLANG_WARN_QUOTED_INCLUDE_IN_FRAMEWORK_HEADER = YES;
				CLANG_WARN_RANGE_LOOP_ANALYSIS = YES;
				CLANG_WARN_STRICT_PROTOTYPES = YES;
				CLANG_WARN_SUSPICIOUS_MOVE = YES;
				CLANG_WARN_UNGUARDED_AVAILABILITY = YES_AGGRESSIVE;
				CLANG_WARN_UNREACHABLE_CODE = YES;
				CLANG_WARN__DUPLICATE_METHOD_MATCH = YES;
				COPY_PHASE_STRIP = NO;
				DEBUG_INFORMATION_FORMAT = "dwarf-with-dsym";
				ENABLE_NS_ASSERTIONS = NO;
				ENABLE_STRICT_OBJC_MSGSEND = YES;
				GCC_C_LANGUAGE_STANDARD = gnu11;
				GCC_NO_COMMON_BLOCKS = YES;
				GCC_WARN_64_TO_32_BIT_CONVERSION = YES;
				GCC_WARN_ABOUT_RETURN_TYPE = YES_ERROR;
				GCC_WARN_UNDECLARED_SELECTOR = YES;
				GCC_WARN_UNINITIALIZED_AUTOS = YES_AGGRESSIVE;
				GCC_WARN_UNUSED_FUNCTION = YES;
				GCC_WARN_UNUSED_VARIABLE = YES;
				IPHONEOS_DEPLOYMENT_TARGET = 16.1;
				MTL_ENABLE_DEBUG_INFO = NO;
				MTL_FAST_MATH = YES;
				SDKROOT = iphoneos;
				SWIFT_COMPILATION_MODE = wholemodule;
				SWIFT_OPTIMIZATION_LEVEL = "-O";
				VALIDATE_PRODUCT = YES;
			};
			name = Release;
		};
		649971D429F4F436005DB50D /* Debug */ = {
			isa = XCBuildConfiguration;
			buildSettings = {
				ASSETCATALOG_COMPILER_APPICON_NAME = AppIcon;
				ASSETCATALOG_COMPILER_GLOBAL_ACCENT_COLOR_NAME = AccentColor;
				CODE_SIGN_STYLE = Automatic;
				CURRENT_PROJECT_VERSION = 1;
				GENERATE_INFOPLIST_FILE = YES;
				INFOPLIST_FILE = Annam_Movies/Info.plist;
				INFOPLIST_KEY_CFBundleDisplayName = Annam_Movies;
				INFOPLIST_KEY_UIApplicationSupportsIndirectInputEvents = YES;
				INFOPLIST_KEY_UILaunchStoryboardName = LaunchScreen;
				INFOPLIST_KEY_UIMainStoryboardFile = Main;
				INFOPLIST_KEY_UISupportedInterfaceOrientations_iPad = "UIInterfaceOrientationPortrait UIInterfaceOrientationPortraitUpsideDown UIInterfaceOrientationLandscapeLeft UIInterfaceOrientationLandscapeRight";
				INFOPLIST_KEY_UISupportedInterfaceOrientations_iPhone = "UIInterfaceOrientationPortrait UIInterfaceOrientationLandscapeLeft UIInterfaceOrientationLandscapeRight";
				LD_RUNPATH_SEARCH_PATHS = (
					"$(inherited)",
					"@executable_path/Frameworks",
				);
				MARKETING_VERSION = 1.0;
				PRODUCT_BUNDLE_IDENTIFIER = "nwmsu.Annam-Movies";
				PRODUCT_NAME = "$(TARGET_NAME)";
				SWIFT_EMIT_LOC_STRINGS = YES;
				SWIFT_VERSION = 5.0;
				TARGETED_DEVICE_FAMILY = "1,2";
			};
			name = Debug;
		};
		649971D529F4F436005DB50D /* Release */ = {
			isa = XCBuildConfiguration;
			buildSettings = {
				ASSETCATALOG_COMPILER_APPICON_NAME = AppIcon;
				ASSETCATALOG_COMPILER_GLOBAL_ACCENT_COLOR_NAME = AccentColor;
				CODE_SIGN_STYLE = Automatic;
				CURRENT_PROJECT_VERSION = 1;
				GENERATE_INFOPLIST_FILE = YES;
				INFOPLIST_FILE = Annam_Movies/Info.plist;
				INFOPLIST_KEY_CFBundleDisplayName = Annam_Movies;
				INFOPLIST_KEY_UIApplicationSupportsIndirectInputEvents = YES;
				INFOPLIST_KEY_UILaunchStoryboardName = LaunchScreen;
				INFOPLIST_KEY_UIMainStoryboardFile = Main;
				INFOPLIST_KEY_UISupportedInterfaceOrientations_iPad = "UIInterfaceOrientationPortrait UIInterfaceOrientationPortraitUpsideDown UIInterfaceOrientationLandscapeLeft UIInterfaceOrientationLandscapeRight";
				INFOPLIST_KEY_UISupportedInterfaceOrientations_iPhone = "UIInterfaceOrientationPortrait UIInterfaceOrientationLandscapeLeft UIInterfaceOrientationLandscapeRight";
				LD_RUNPATH_SEARCH_PATHS = (
					"$(inherited)",
					"@executable_path/Frameworks",
				);
				MARKETING_VERSION = 1.0;
				PRODUCT_BUNDLE_IDENTIFIER = "nwmsu.Annam-Movies";
				PRODUCT_NAME = "$(TARGET_NAME)";
				SWIFT_EMIT_LOC_STRINGS = YES;
				SWIFT_VERSION = 5.0;
				TARGETED_DEVICE_FAMILY = "1,2";
			};
			name = Release;
		};
		649971D729F4F436005DB50D /* Debug */ = {
			isa = XCBuildConfiguration;
			buildSettings = {
				ALWAYS_EMBED_SWIFT_STANDARD_LIBRARIES = YES;
				BUNDLE_LOADER = "$(TEST_HOST)";
				CODE_SIGN_STYLE = Automatic;
				CURRENT_PROJECT_VERSION = 1;
				GENERATE_INFOPLIST_FILE = YES;
				IPHONEOS_DEPLOYMENT_TARGET = 16.1;
				MARKETING_VERSION = 1.0;
				PRODUCT_BUNDLE_IDENTIFIER = "nwmsu.Annam-MoviesTests";
				PRODUCT_NAME = "$(TARGET_NAME)";
				SWIFT_EMIT_LOC_STRINGS = NO;
				SWIFT_VERSION = 5.0;
				TARGETED_DEVICE_FAMILY = "1,2";
				TEST_HOST = "$(BUILT_PRODUCTS_DIR)/Annam_Movies.app/$(BUNDLE_EXECUTABLE_FOLDER_PATH)/Annam_Movies";
			};
			name = Debug;
		};
		649971D829F4F436005DB50D /* Release */ = {
			isa = XCBuildConfiguration;
			buildSettings = {
				ALWAYS_EMBED_SWIFT_STANDARD_LIBRARIES = YES;
				BUNDLE_LOADER = "$(TEST_HOST)";
				CODE_SIGN_STYLE = Automatic;
				CURRENT_PROJECT_VERSION = 1;
				GENERATE_INFOPLIST_FILE = YES;
				IPHONEOS_DEPLOYMENT_TARGET = 16.1;
				MARKETING_VERSION = 1.0;
				PRODUCT_BUNDLE_IDENTIFIER = "nwmsu.Annam-MoviesTests";
				PRODUCT_NAME = "$(TARGET_NAME)";
				SWIFT_EMIT_LOC_STRINGS = NO;
				SWIFT_VERSION = 5.0;
				TARGETED_DEVICE_FAMILY = "1,2";
				TEST_HOST = "$(BUILT_PRODUCTS_DIR)/Annam_Movies.app/$(BUNDLE_EXECUTABLE_FOLDER_PATH)/Annam_Movies";
			};
			name = Release;
		};
		649971DA29F4F436005DB50D /* Debug */ = {
			isa = XCBuildConfiguration;
			buildSettings = {
				ALWAYS_EMBED_SWIFT_STANDARD_LIBRARIES = YES;
				CODE_SIGN_STYLE = Automatic;
				CURRENT_PROJECT_VERSION = 1;
				GENERATE_INFOPLIST_FILE = YES;
				MARKETING_VERSION = 1.0;
				PRODUCT_BUNDLE_IDENTIFIER = "nwmsu.Annam-MoviesUITests";
				PRODUCT_NAME = "$(TARGET_NAME)";
				SWIFT_EMIT_LOC_STRINGS = NO;
				SWIFT_VERSION = 5.0;
				TARGETED_DEVICE_FAMILY = "1,2";
				TEST_TARGET_NAME = Annam_Movies;
			};
			name = Debug;
		};
		649971DB29F4F436005DB50D /* Release */ = {
			isa = XCBuildConfiguration;
			buildSettings = {
				ALWAYS_EMBED_SWIFT_STANDARD_LIBRARIES = YES;
				CODE_SIGN_STYLE = Automatic;
				CURRENT_PROJECT_VERSION = 1;
				GENERATE_INFOPLIST_FILE = YES;
				MARKETING_VERSION = 1.0;
				PRODUCT_BUNDLE_IDENTIFIER = "nwmsu.Annam-MoviesUITests";
				PRODUCT_NAME = "$(TARGET_NAME)";
				SWIFT_EMIT_LOC_STRINGS = NO;
				SWIFT_VERSION = 5.0;
				TARGETED_DEVICE_FAMILY = "1,2";
				TEST_TARGET_NAME = Annam_Movies;
			};
			name = Release;
		};
/* End XCBuildConfiguration section */

/* Begin XCConfigurationList section */
		649971A429F4F435005DB50D /* Build configuration list for PBXProject "Annam_Movies" */ = {
			isa = XCConfigurationList;
			buildConfigurations = (
				649971D129F4F436005DB50D /* Debug */,
				649971D229F4F436005DB50D /* Release */,
			);
			defaultConfigurationIsVisible = 0;
			defaultConfigurationName = Release;
		};
		649971D329F4F436005DB50D /* Build configuration list for PBXNativeTarget "Annam_Movies" */ = {
			isa = XCConfigurationList;
			buildConfigurations = (
				649971D429F4F436005DB50D /* Debug */,
				649971D529F4F436005DB50D /* Release */,
			);
			defaultConfigurationIsVisible = 0;
			defaultConfigurationName = Release;
		};
		649971D629F4F436005DB50D /* Build configuration list for PBXNativeTarget "Annam_MoviesTests" */ = {
			isa = XCConfigurationList;
			buildConfigurations = (
				649971D729F4F436005DB50D /* Debug */,
				649971D829F4F436005DB50D /* Release */,
			);
			defaultConfigurationIsVisible = 0;
			defaultConfigurationName = Release;
		};
		649971D929F4F436005DB50D /* Build configuration list for PBXNativeTarget "Annam_MoviesUITests" */ = {
			isa = XCConfigurationList;
			buildConfigurations = (
				649971DA29F4F436005DB50D /* Debug */,
				649971DB29F4F436005DB50D /* Release */,
			);
			defaultConfigurationIsVisible = 0;
			defaultConfigurationName = Release;
		};
/* End XCConfigurationList section */
	};
	rootObject = 649971A129F4F435005DB50D /* Project object */;
}
