// !$*UTF8*$!
{
	archiveVersion = 1;
	classes = {
	};
	objectVersion = 55;
	objects = {

/* Begin PBXBuildFile section */
		6443B5E329A51D5A00EA9986 /* AppDelegate.swift in Sources */ = {isa = PBXBuildFile; fileRef = 6443B5E229A51D5A00EA9986 /* AppDelegate.swift */; };
		6443B5E529A51D5A00EA9986 /* SceneDelegate.swift in Sources */ = {isa = PBXBuildFile; fileRef = 6443B5E429A51D5A00EA9986 /* SceneDelegate.swift */; };
		6443B5E729A51D5A00EA9986 /* ViewController.swift in Sources */ = {isa = PBXBuildFile; fileRef = 6443B5E629A51D5A00EA9986 /* ViewController.swift */; };
		6443B5EA29A51D5A00EA9986 /* Main.storyboard in Resources */ = {isa = PBXBuildFile; fileRef = 6443B5E829A51D5A00EA9986 /* Main.storyboard */; };
		6443B5EC29A51D6100EA9986 /* Assets.xcassets in Resources */ = {isa = PBXBuildFile; fileRef = 6443B5EB29A51D6100EA9986 /* Assets.xcassets */; };
		6443B5EF29A51D6100EA9986 /* LaunchScreen.storyboard in Resources */ = {isa = PBXBuildFile; fileRef = 6443B5ED29A51D6100EA9986 /* LaunchScreen.storyboard */; };
		6443B5FA29A51D6200EA9986 /* DisplayimageAppTests.swift in Sources */ = {isa = PBXBuildFile; fileRef = 6443B5F929A51D6200EA9986 /* DisplayimageAppTests.swift */; };
		6443B60429A51D6200EA9986 /* DisplayimageAppUITests.swift in Sources */ = {isa = PBXBuildFile; fileRef = 6443B60329A51D6200EA9986 /* DisplayimageAppUITests.swift */; };
		6443B60629A51D6200EA9986 /* DisplayimageAppUITestsLaunchTests.swift in Sources */ = {isa = PBXBuildFile; fileRef = 6443B60529A51D6200EA9986 /* DisplayimageAppUITestsLaunchTests.swift */; };
/* End PBXBuildFile section */

/* Begin PBXContainerItemProxy section */
		6443B5F629A51D6200EA9986 /* PBXContainerItemProxy */ = {
			isa = PBXContainerItemProxy;
			containerPortal = 6443B5D729A51D5A00EA9986 /* Project object */;
			proxyType = 1;
			remoteGlobalIDString = 6443B5DE29A51D5A00EA9986;
			remoteInfo = DisplayimageApp;
		};
		6443B60029A51D6200EA9986 /* PBXContainerItemProxy */ = {
			isa = PBXContainerItemProxy;
			containerPortal = 6443B5D729A51D5A00EA9986 /* Project object */;
			proxyType = 1;
			remoteGlobalIDString = 6443B5DE29A51D5A00EA9986;
			remoteInfo = DisplayimageApp;
		};
/* End PBXContainerItemProxy section */

/* Begin PBXFileReference section */
		6443B5DF29A51D5A00EA9986 /* DisplayimageApp.app */ = {isa = PBXFileReference; explicitFileType = wrapper.application; includeInIndex = 0; path = DisplayimageApp.app; sourceTree = BUILT_PRODUCTS_DIR; };
		6443B5E229A51D5A00EA9986 /* AppDelegate.swift */ = {isa = PBXFileReference; lastKnownFileType = sourcecode.swift; path = AppDelegate.swift; sourceTree = "<group>"; };
		6443B5E429A51D5A00EA9986 /* SceneDelegate.swift */ = {isa = PBXFileReference; lastKnownFileType = sourcecode.swift; path = SceneDelegate.swift; sourceTree = "<group>"; };
		6443B5E629A51D5A00EA9986 /* ViewController.swift */ = {isa = PBXFileReference; lastKnownFileType = sourcecode.swift; path = ViewController.swift; sourceTree = "<group>"; };
		6443B5E929A51D5A00EA9986 /* Base */ = {isa = PBXFileReference; lastKnownFileType = file.storyboard; name = Base; path = Base.lproj/Main.storyboard; sourceTree = "<group>"; };
		6443B5EB29A51D6100EA9986 /* Assets.xcassets */ = {isa = PBXFileReference; lastKnownFileType = folder.assetcatalog; path = Assets.xcassets; sourceTree = "<group>"; };
		6443B5EE29A51D6100EA9986 /* Base */ = {isa = PBXFileReference; lastKnownFileType = file.storyboard; name = Base; path = Base.lproj/LaunchScreen.storyboard; sourceTree = "<group>"; };
		6443B5F029A51D6100EA9986 /* Info.plist */ = {isa = PBXFileReference; lastKnownFileType = text.plist.xml; path = Info.plist; sourceTree = "<group>"; };
		6443B5F529A51D6200EA9986 /* DisplayimageAppTests.xctest */ = {isa = PBXFileReference; explicitFileType = wrapper.cfbundle; includeInIndex = 0; path = DisplayimageAppTests.xctest; sourceTree = BUILT_PRODUCTS_DIR; };
		6443B5F929A51D6200EA9986 /* DisplayimageAppTests.swift */ = {isa = PBXFileReference; lastKnownFileType = sourcecode.swift; path = DisplayimageAppTests.swift; sourceTree = "<group>"; };
		6443B5FF29A51D6200EA9986 /* DisplayimageAppUITests.xctest */ = {isa = PBXFileReference; explicitFileType = wrapper.cfbundle; includeInIndex = 0; path = DisplayimageAppUITests.xctest; sourceTree = BUILT_PRODUCTS_DIR; };
		6443B60329A51D6200EA9986 /* DisplayimageAppUITests.swift */ = {isa = PBXFileReference; lastKnownFileType = sourcecode.swift; path = DisplayimageAppUITests.swift; sourceTree = "<group>"; };
		6443B60529A51D6200EA9986 /* DisplayimageAppUITestsLaunchTests.swift */ = {isa = PBXFileReference; lastKnownFileType = sourcecode.swift; path = DisplayimageAppUITestsLaunchTests.swift; sourceTree = "<group>"; };
/* End PBXFileReference section */

/* Begin PBXFrameworksBuildPhase section */
		6443B5DC29A51D5A00EA9986 /* Frameworks */ = {
			isa = PBXFrameworksBuildPhase;
			buildActionMask = 2147483647;
			files = (
			);
			runOnlyForDeploymentPostprocessing = 0;
		};
		6443B5F229A51D6200EA9986 /* Frameworks */ = {
			isa = PBXFrameworksBuildPhase;
			buildActionMask = 2147483647;
			files = (
			);
			runOnlyForDeploymentPostprocessing = 0;
		};
		6443B5FC29A51D6200EA9986 /* Frameworks */ = {
			isa = PBXFrameworksBuildPhase;
			buildActionMask = 2147483647;
			files = (
			);
			runOnlyForDeploymentPostprocessing = 0;
		};
/* End PBXFrameworksBuildPhase section */

/* Begin PBXGroup section */
		6443B5D629A51D5A00EA9986 = {
			isa = PBXGroup;
			children = (
				6443B5E129A51D5A00EA9986 /* DisplayimageApp */,
				6443B5F829A51D6200EA9986 /* DisplayimageAppTests */,
				6443B60229A51D6200EA9986 /* DisplayimageAppUITests */,
				6443B5E029A51D5A00EA9986 /* Products */,
			);
			sourceTree = "<group>";
		};
		6443B5E029A51D5A00EA9986 /* Products */ = {
			isa = PBXGroup;
			children = (
				6443B5DF29A51D5A00EA9986 /* DisplayimageApp.app */,
				6443B5F529A51D6200EA9986 /* DisplayimageAppTests.xctest */,
				6443B5FF29A51D6200EA9986 /* DisplayimageAppUITests.xctest */,
			);
			name = Products;
			sourceTree = "<group>";
		};
		6443B5E129A51D5A00EA9986 /* DisplayimageApp */ = {
			isa = PBXGroup;
			children = (
				6443B5E229A51D5A00EA9986 /* AppDelegate.swift */,
				6443B5E429A51D5A00EA9986 /* SceneDelegate.swift */,
				6443B5E629A51D5A00EA9986 /* ViewController.swift */,
				6443B5E829A51D5A00EA9986 /* Main.storyboard */,
				6443B5EB29A51D6100EA9986 /* Assets.xcassets */,
				6443B5ED29A51D6100EA9986 /* LaunchScreen.storyboard */,
				6443B5F029A51D6100EA9986 /* Info.plist */,
			);
			path = DisplayimageApp;
			sourceTree = "<group>";
		};
		6443B5F829A51D6200EA9986 /* DisplayimageAppTests */ = {
			isa = PBXGroup;
			children = (
				6443B5F929A51D6200EA9986 /* DisplayimageAppTests.swift */,
			);
			path = DisplayimageAppTests;
			sourceTree = "<group>";
		};
		6443B60229A51D6200EA9986 /* DisplayimageAppUITests */ = {
			isa = PBXGroup;
			children = (
				6443B60329A51D6200EA9986 /* DisplayimageAppUITests.swift */,
				6443B60529A51D6200EA9986 /* DisplayimageAppUITestsLaunchTests.swift */,
			);
			path = DisplayimageAppUITests;
			sourceTree = "<group>";
		};
/* End PBXGroup section */

/* Begin PBXNativeTarget section */
		6443B5DE29A51D5A00EA9986 /* DisplayimageApp */ = {
			isa = PBXNativeTarget;
			buildConfigurationList = 6443B60929A51D6200EA9986 /* Build configuration list for PBXNativeTarget "DisplayimageApp" */;
			buildPhases = (
				6443B5DB29A51D5A00EA9986 /* Sources */,
				6443B5DC29A51D5A00EA9986 /* Frameworks */,
				6443B5DD29A51D5A00EA9986 /* Resources */,
			);
			buildRules = (
			);
			dependencies = (
			);
			name = DisplayimageApp;
			productName = DisplayimageApp;
			productReference = 6443B5DF29A51D5A00EA9986 /* DisplayimageApp.app */;
			productType = "com.apple.product-type.application";
		};
		6443B5F429A51D6200EA9986 /* DisplayimageAppTests */ = {
			isa = PBXNativeTarget;
			buildConfigurationList = 6443B60C29A51D6200EA9986 /* Build configuration list for PBXNativeTarget "DisplayimageAppTests" */;
			buildPhases = (
				6443B5F129A51D6200EA9986 /* Sources */,
				6443B5F229A51D6200EA9986 /* Frameworks */,
				6443B5F329A51D6200EA9986 /* Resources */,
			);
			buildRules = (
			);
			dependencies = (
				6443B5F729A51D6200EA9986 /* PBXTargetDependency */,
			);
			name = DisplayimageAppTests;
			productName = DisplayimageAppTests;
			productReference = 6443B5F529A51D6200EA9986 /* DisplayimageAppTests.xctest */;
			productType = "com.apple.product-type.bundle.unit-test";
		};
		6443B5FE29A51D6200EA9986 /* DisplayimageAppUITests */ = {
			isa = PBXNativeTarget;
			buildConfigurationList = 6443B60F29A51D6200EA9986 /* Build configuration list for PBXNativeTarget "DisplayimageAppUITests" */;
			buildPhases = (
				6443B5FB29A51D6200EA9986 /* Sources */,
				6443B5FC29A51D6200EA9986 /* Frameworks */,
				6443B5FD29A51D6200EA9986 /* Resources */,
			);
			buildRules = (
			);
			dependencies = (
				6443B60129A51D6200EA9986 /* PBXTargetDependency */,
			);
			name = DisplayimageAppUITests;
			productName = DisplayimageAppUITests;
			productReference = 6443B5FF29A51D6200EA9986 /* DisplayimageAppUITests.xctest */;
			productType = "com.apple.product-type.bundle.ui-testing";
		};
/* End PBXNativeTarget section */

/* Begin PBXProject section */
		6443B5D729A51D5A00EA9986 /* Project object */ = {
			isa = PBXProject;
			attributes = {
				BuildIndependentTargetsInParallel = 1;
				LastSwiftUpdateCheck = 1340;
				LastUpgradeCheck = 1340;
				TargetAttributes = {
					6443B5DE29A51D5A00EA9986 = {
						CreatedOnToolsVersion = 13.4.1;
					};
					6443B5F429A51D6200EA9986 = {
						CreatedOnToolsVersion = 13.4.1;
						TestTargetID = 6443B5DE29A51D5A00EA9986;
					};
					6443B5FE29A51D6200EA9986 = {
						CreatedOnToolsVersion = 13.4.1;
						TestTargetID = 6443B5DE29A51D5A00EA9986;
					};
				};
			};
			buildConfigurationList = 6443B5DA29A51D5A00EA9986 /* Build configuration list for PBXProject "DisplayimageApp" */;
			compatibilityVersion = "Xcode 13.0";
			developmentRegion = en;
			hasScannedForEncodings = 0;
			knownRegions = (
				en,
				Base,
			);
			mainGroup = 6443B5D629A51D5A00EA9986;
			productRefGroup = 6443B5E029A51D5A00EA9986 /* Products */;
			projectDirPath = "";
			projectRoot = "";
			targets = (
				6443B5DE29A51D5A00EA9986 /* DisplayimageApp */,
				6443B5F429A51D6200EA9986 /* DisplayimageAppTests */,
				6443B5FE29A51D6200EA9986 /* DisplayimageAppUITests */,
			);
		};
/* End PBXProject section */

/* Begin PBXResourcesBuildPhase section */
		6443B5DD29A51D5A00EA9986 /* Resources */ = {
			isa = PBXResourcesBuildPhase;
			buildActionMask = 2147483647;
			files = (
				6443B5EF29A51D6100EA9986 /* LaunchScreen.storyboard in Resources */,
				6443B5EC29A51D6100EA9986 /* Assets.xcassets in Resources */,
				6443B5EA29A51D5A00EA9986 /* Main.storyboard in Resources */,
			);
			runOnlyForDeploymentPostprocessing = 0;
		};
		6443B5F329A51D6200EA9986 /* Resources */ = {
			isa = PBXResourcesBuildPhase;
			buildActionMask = 2147483647;
			files = (
			);
			runOnlyForDeploymentPostprocessing = 0;
		};
		6443B5FD29A51D6200EA9986 /* Resources */ = {
			isa = PBXResourcesBuildPhase;
			buildActionMask = 2147483647;
			files = (
			);
			runOnlyForDeploymentPostprocessing = 0;
		};
/* End PBXResourcesBuildPhase section */

/* Begin PBXSourcesBuildPhase section */
		6443B5DB29A51D5A00EA9986 /* Sources */ = {
			isa = PBXSourcesBuildPhase;
			buildActionMask = 2147483647;
			files = (
				6443B5E729A51D5A00EA9986 /* ViewController.swift in Sources */,
				6443B5E329A51D5A00EA9986 /* AppDelegate.swift in Sources */,
				6443B5E529A51D5A00EA9986 /* SceneDelegate.swift in Sources */,
			);
			runOnlyForDeploymentPostprocessing = 0;
		};
		6443B5F129A51D6200EA9986 /* Sources */ = {
			isa = PBXSourcesBuildPhase;
			buildActionMask = 2147483647;
			files = (
				6443B5FA29A51D6200EA9986 /* DisplayimageAppTests.swift in Sources */,
			);
			runOnlyForDeploymentPostprocessing = 0;
		};
		6443B5FB29A51D6200EA9986 /* Sources */ = {
			isa = PBXSourcesBuildPhase;
			buildActionMask = 2147483647;
			files = (
				6443B60429A51D6200EA9986 /* DisplayimageAppUITests.swift in Sources */,
				6443B60629A51D6200EA9986 /* DisplayimageAppUITestsLaunchTests.swift in Sources */,
			);
			runOnlyForDeploymentPostprocessing = 0;
		};
/* End PBXSourcesBuildPhase section */

/* Begin PBXTargetDependency section */
		6443B5F729A51D6200EA9986 /* PBXTargetDependency */ = {
			isa = PBXTargetDependency;
			target = 6443B5DE29A51D5A00EA9986 /* DisplayimageApp */;
			targetProxy = 6443B5F629A51D6200EA9986 /* PBXContainerItemProxy */;
		};
		6443B60129A51D6200EA9986 /* PBXTargetDependency */ = {
			isa = PBXTargetDependency;
			target = 6443B5DE29A51D5A00EA9986 /* DisplayimageApp */;
			targetProxy = 6443B60029A51D6200EA9986 /* PBXContainerItemProxy */;
		};
/* End PBXTargetDependency section */

/* Begin PBXVariantGroup section */
		6443B5E829A51D5A00EA9986 /* Main.storyboard */ = {
			isa = PBXVariantGroup;
			children = (
				6443B5E929A51D5A00EA9986 /* Base */,
			);
			name = Main.storyboard;
			sourceTree = "<group>";
		};
		6443B5ED29A51D6100EA9986 /* LaunchScreen.storyboard */ = {
			isa = PBXVariantGroup;
			children = (
				6443B5EE29A51D6100EA9986 /* Base */,
			);
			name = LaunchScreen.storyboard;
			sourceTree = "<group>";
		};
/* End PBXVariantGroup section */

/* Begin XCBuildConfiguration section */
		6443B60729A51D6200EA9986 /* Debug */ = {
			isa = XCBuildConfiguration;
			buildSettings = {
				ALWAYS_SEARCH_USER_PATHS = NO;
				CLANG_ANALYZER_NONNULL = YES;
				CLANG_ANALYZER_NUMBER_OBJECT_CONVERSION = YES_AGGRESSIVE;
				CLANG_CXX_LANGUAGE_STANDARD = "gnu++17";
				CLANG_ENABLE_MODULES = YES;
				CLANG_ENABLE_OBJC_ARC = YES;
				CLANG_ENABLE_OBJC_WEAK = YES;
				CLANG_WARN_BLOCK_CAPTURE_AUTORELEASING = YES;
				CLANG_WARN_BOOL_CONVERSION = YES;
				CLANG_WARN_COMMA = YES;
				CLANG_WARN_CONSTANT_CONVERSION = YES;
				CLANG_WARN_DEPRECATED_OBJC_IMPLEMENTATIONS = YES;
				CLANG_WARN_DIRECT_OBJC_ISA_USAGE = YES_ERROR;
				CLANG_WARN_DOCUMENTATION_COMMENTS = YES;
				CLANG_WARN_EMPTY_BODY = YES;
				CLANG_WARN_ENUM_CONVERSION = YES;
				CLANG_WARN_INFINITE_RECURSION = YES;
				CLANG_WARN_INT_CONVERSION = YES;
				CLANG_WARN_NON_LITERAL_NULL_CONVERSION = YES;
				CLANG_WARN_OBJC_IMPLICIT_RETAIN_SELF = YES;
				CLANG_WARN_OBJC_LITERAL_CONVERSION = YES;
				CLANG_WARN_OBJC_ROOT_CLASS = YES_ERROR;
				CLANG_WARN_QUOTED_INCLUDE_IN_FRAMEWORK_HEADER = YES;
				CLANG_WARN_RANGE_LOOP_ANALYSIS = YES;
				CLANG_WARN_STRICT_PROTOTYPES = YES;
				CLANG_WARN_SUSPICIOUS_MOVE = YES;
				CLANG_WARN_UNGUARDED_AVAILABILITY = YES_AGGRESSIVE;
				CLANG_WARN_UNREACHABLE_CODE = YES;
				CLANG_WARN__DUPLICATE_METHOD_MATCH = YES;
				COPY_PHASE_STRIP = NO;
				DEBUG_INFORMATION_FORMAT = dwarf;
				ENABLE_STRICT_OBJC_MSGSEND = YES;
				ENABLE_TESTABILITY = YES;
				GCC_C_LANGUAGE_STANDARD = gnu11;
				GCC_DYNAMIC_NO_PIC = NO;
				GCC_NO_COMMON_BLOCKS = YES;
				GCC_OPTIMIZATION_LEVEL = 0;
				GCC_PREPROCESSOR_DEFINITIONS = (
					"DEBUG=1",
					"$(inherited)",
				);
				GCC_WARN_64_TO_32_BIT_CONVERSION = YES;
				GCC_WARN_ABOUT_RETURN_TYPE = YES_ERROR;
				GCC_WARN_UNDECLARED_SELECTOR = YES;
				GCC_WARN_UNINITIALIZED_AUTOS = YES_AGGRESSIVE;
				GCC_WARN_UNUSED_FUNCTION = YES;
				GCC_WARN_UNUSED_VARIABLE = YES;
				IPHONEOS_DEPLOYMENT_TARGET = 15.5;
				MTL_ENABLE_DEBUG_INFO = INCLUDE_SOURCE;
				MTL_FAST_MATH = YES;
				ONLY_ACTIVE_ARCH = YES;
				SDKROOT = iphoneos;
				SWIFT_ACTIVE_COMPILATION_CONDITIONS = DEBUG;
				SWIFT_OPTIMIZATION_LEVEL = "-Onone";
			};
			name = Debug;
		};
		6443B60829A51D6200EA9986 /* Release */ = {
			isa = XCBuildConfiguration;
			buildSettings = {
				ALWAYS_SEARCH_USER_PATHS = NO;
				CLANG_ANALYZER_NONNULL = YES;
				CLANG_ANALYZER_NUMBER_OBJECT_CONVERSION = YES_AGGRESSIVE;
				CLANG_CXX_LANGUAGE_STANDARD = "gnu++17";
				CLANG_ENABLE_MODULES = YES;
				CLANG_ENABLE_OBJC_ARC = YES;
				CLANG_ENABLE_OBJC_WEAK = YES;
				CLANG_WARN_BLOCK_CAPTURE_AUTORELEASING = YES;
				CLANG_WARN_BOOL_CONVERSION = YES;
				CLANG_WARN_COMMA = YES;
				CLANG_WARN_CONSTANT_CONVERSION = YES;
				CLANG_WARN_DEPRECATED_OBJC_IMPLEMENTATIONS = YES;
				CLANG_WARN_DIRECT_OBJC_ISA_USAGE = YES_ERROR;
				CLANG_WARN_DOCUMENTATION_COMMENTS = YES;
				CLANG_WARN_EMPTY_BODY = YES;
				CLANG_WARN_ENUM_CONVERSION = YES;
				CLANG_WARN_INFINITE_RECURSION = YES;
				CLANG_WARN_INT_CONVERSION = YES;
				CLANG_WARN_NON_LITERAL_NULL_CONVERSION = YES;
				CLANG_WARN_OBJC_IMPLICIT_RETAIN_SELF = YES;
				CLANG_WARN_OBJC_LITERAL_CONVERSION = YES;
				CLANG_WARN_OBJC_ROOT_CLASS = YES_ERROR;
				CLANG_WARN_QUOTED_INCLUDE_IN_FRAMEWORK_HEADER = YES;
				CLANG_WARN_RANGE_LOOP_ANALYSIS = YES;
				CLANG_WARN_STRICT_PROTOTYPES = YES;
				CLANG_WARN_SUSPICIOUS_MOVE = YES;
				CLANG_WARN_UNGUARDED_AVAILABILITY = YES_AGGRESSIVE;
				CLANG_WARN_UNREACHABLE_CODE = YES;
				CLANG_WARN__DUPLICATE_METHOD_MATCH = YES;
				COPY_PHASE_STRIP = NO;
				DEBUG_INFORMATION_FORMAT = "dwarf-with-dsym";
				ENABLE_NS_ASSERTIONS = NO;
				ENABLE_STRICT_OBJC_MSGSEND = YES;
				GCC_C_LANGUAGE_STANDARD = gnu11;
				GCC_NO_COMMON_BLOCKS = YES;
				GCC_WARN_64_TO_32_BIT_CONVERSION = YES;
				GCC_WARN_ABOUT_RETURN_TYPE = YES_ERROR;
				GCC_WARN_UNDECLARED_SELECTOR = YES;
				GCC_WARN_UNINITIALIZED_AUTOS = YES_AGGRESSIVE;
				GCC_WARN_UNUSED_FUNCTION = YES;
				GCC_WARN_UNUSED_VARIABLE = YES;
				IPHONEOS_DEPLOYMENT_TARGET = 15.5;
				MTL_ENABLE_DEBUG_INFO = NO;
				MTL_FAST_MATH = YES;
				SDKROOT = iphoneos;
				SWIFT_COMPILATION_MODE = wholemodule;
				SWIFT_OPTIMIZATION_LEVEL = "-O";
				VALIDATE_PRODUCT = YES;
			};
			name = Release;
		};
		6443B60A29A51D6200EA9986 /* Debug */ = {
			isa = XCBuildConfiguration;
			buildSettings = {
				ASSETCATALOG_COMPILER_APPICON_NAME = AppIcon;
				ASSETCATALOG_COMPILER_GLOBAL_ACCENT_COLOR_NAME = AccentColor;
				CODE_SIGN_STYLE = Automatic;
				CURRENT_PROJECT_VERSION = 1;
				GENERATE_INFOPLIST_FILE = YES;
				INFOPLIST_FILE = DisplayimageApp/Info.plist;
				INFOPLIST_KEY_CFBundleDisplayName = DisplayimageApp;
				INFOPLIST_KEY_UIApplicationSupportsIndirectInputEvents = YES;
				INFOPLIST_KEY_UILaunchStoryboardName = LaunchScreen;
				INFOPLIST_KEY_UIMainStoryboardFile = Main;
				INFOPLIST_KEY_UISupportedInterfaceOrientations_iPad = "UIInterfaceOrientationPortrait UIInterfaceOrientationPortraitUpsideDown UIInterfaceOrientationLandscapeLeft UIInterfaceOrientationLandscapeRight";
				INFOPLIST_KEY_UISupportedInterfaceOrientations_iPhone = "UIInterfaceOrientationPortrait UIInterfaceOrientationLandscapeLeft UIInterfaceOrientationLandscapeRight";
				LD_RUNPATH_SEARCH_PATHS = (
					"$(inherited)",
					"@executable_path/Frameworks",
				);
				MARKETING_VERSION = 1.0;
				PRODUCT_BUNDLE_IDENTIFIER = nwmissouri.edu.DisplayimageApp;
				PRODUCT_NAME = "$(TARGET_NAME)";
				SWIFT_EMIT_LOC_STRINGS = YES;
				SWIFT_VERSION = 5.0;
				TARGETED_DEVICE_FAMILY = "1,2";
			};
			name = Debug;
		};
		6443B60B29A51D6200EA9986 /* Release */ = {
			isa = XCBuildConfiguration;
			buildSettings = {
				ASSETCATALOG_COMPILER_APPICON_NAME = AppIcon;
				ASSETCATALOG_COMPILER_GLOBAL_ACCENT_COLOR_NAME = AccentColor;
				CODE_SIGN_STYLE = Automatic;
				CURRENT_PROJECT_VERSION = 1;
				GENERATE_INFOPLIST_FILE = YES;
				INFOPLIST_FILE = DisplayimageApp/Info.plist;
				INFOPLIST_KEY_CFBundleDisplayName = DisplayimageApp;
				INFOPLIST_KEY_UIApplicationSupportsIndirectInputEvents = YES;
				INFOPLIST_KEY_UILaunchStoryboardName = LaunchScreen;
				INFOPLIST_KEY_UIMainStoryboardFile = Main;
				INFOPLIST_KEY_UISupportedInterfaceOrientations_iPad = "UIInterfaceOrientationPortrait UIInterfaceOrientationPortraitUpsideDown UIInterfaceOrientationLandscapeLeft UIInterfaceOrientationLandscapeRight";
				INFOPLIST_KEY_UISupportedInterfaceOrientations_iPhone = "UIInterfaceOrientationPortrait UIInterfaceOrientationLandscapeLeft UIInterfaceOrientationLandscapeRight";
				LD_RUNPATH_SEARCH_PATHS = (
					"$(inherited)",
					"@executable_path/Frameworks",
				);
				MARKETING_VERSION = 1.0;
				PRODUCT_BUNDLE_IDENTIFIER = nwmissouri.edu.DisplayimageApp;
				PRODUCT_NAME = "$(TARGET_NAME)";
				SWIFT_EMIT_LOC_STRINGS = YES;
				SWIFT_VERSION = 5.0;
				TARGETED_DEVICE_FAMILY = "1,2";
			};
			name = Release;
		};
		6443B60D29A51D6200EA9986 /* Debug */ = {
			isa = XCBuildConfiguration;
			buildSettings = {
				ALWAYS_EMBED_SWIFT_STANDARD_LIBRARIES = YES;
				BUNDLE_LOADER = "$(TEST_HOST)";
				CODE_SIGN_STYLE = Automatic;
				CURRENT_PROJECT_VERSION = 1;
				GENERATE_INFOPLIST_FILE = YES;
				IPHONEOS_DEPLOYMENT_TARGET = 15.5;
				MARKETING_VERSION = 1.0;
				PRODUCT_BUNDLE_IDENTIFIER = nwmissouri.edu.DisplayimageAppTests;
				PRODUCT_NAME = "$(TARGET_NAME)";
				SWIFT_EMIT_LOC_STRINGS = NO;
				SWIFT_VERSION = 5.0;
				TARGETED_DEVICE_FAMILY = "1,2";
				TEST_HOST = "$(BUILT_PRODUCTS_DIR)/DisplayimageApp.app/DisplayimageApp";
			};
			name = Debug;
		};
		6443B60E29A51D6200EA9986 /* Release */ = {
			isa = XCBuildConfiguration;
			buildSettings = {
				ALWAYS_EMBED_SWIFT_STANDARD_LIBRARIES = YES;
				BUNDLE_LOADER = "$(TEST_HOST)";
				CODE_SIGN_STYLE = Automatic;
				CURRENT_PROJECT_VERSION = 1;
				GENERATE_INFOPLIST_FILE = YES;
				IPHONEOS_DEPLOYMENT_TARGET = 15.5;
				MARKETING_VERSION = 1.0;
				PRODUCT_BUNDLE_IDENTIFIER = nwmissouri.edu.DisplayimageAppTests;
				PRODUCT_NAME = "$(TARGET_NAME)";
				SWIFT_EMIT_LOC_STRINGS = NO;
				SWIFT_VERSION = 5.0;
				TARGETED_DEVICE_FAMILY = "1,2";
				TEST_HOST = "$(BUILT_PRODUCTS_DIR)/DisplayimageApp.app/DisplayimageApp";
			};
			name = Release;
		};
		6443B61029A51D6200EA9986 /* Debug */ = {
			isa = XCBuildConfiguration;
			buildSettings = {
				ALWAYS_EMBED_SWIFT_STANDARD_LIBRARIES = YES;
				CODE_SIGN_STYLE = Automatic;
				CURRENT_PROJECT_VERSION = 1;
				GENERATE_INFOPLIST_FILE = YES;
				MARKETING_VERSION = 1.0;
				PRODUCT_BUNDLE_IDENTIFIER = nwmissouri.edu.DisplayimageAppUITests;
				PRODUCT_NAME = "$(TARGET_NAME)";
				SWIFT_EMIT_LOC_STRINGS = NO;
				SWIFT_VERSION = 5.0;
				TARGETED_DEVICE_FAMILY = "1,2";
				TEST_TARGET_NAME = DisplayimageApp;
			};
			name = Debug;
		};
		6443B61129A51D6200EA9986 /* Release */ = {
			isa = XCBuildConfiguration;
			buildSettings = {
				ALWAYS_EMBED_SWIFT_STANDARD_LIBRARIES = YES;
				CODE_SIGN_STYLE = Automatic;
				CURRENT_PROJECT_VERSION = 1;
				GENERATE_INFOPLIST_FILE = YES;
				MARKETING_VERSION = 1.0;
				PRODUCT_BUNDLE_IDENTIFIER = nwmissouri.edu.DisplayimageAppUITests;
				PRODUCT_NAME = "$(TARGET_NAME)";
				SWIFT_EMIT_LOC_STRINGS = NO;
				SWIFT_VERSION = 5.0;
				TARGETED_DEVICE_FAMILY = "1,2";
				TEST_TARGET_NAME = DisplayimageApp;
			};
			name = Release;
		};
/* End XCBuildConfiguration section */

/* Begin XCConfigurationList section */
		6443B5DA29A51D5A00EA9986 /* Build configuration list for PBXProject "DisplayimageApp" */ = {
			isa = XCConfigurationList;
			buildConfigurations = (
				6443B60729A51D6200EA9986 /* Debug */,
				6443B60829A51D6200EA9986 /* Release */,
			);
			defaultConfigurationIsVisible = 0;
			defaultConfigurationName = Release;
		};
		6443B60929A51D6200EA9986 /* Build configuration list for PBXNativeTarget "DisplayimageApp" */ = {
			isa = XCConfigurationList;
			buildConfigurations = (
				6443B60A29A51D6200EA9986 /* Debug */,
				6443B60B29A51D6200EA9986 /* Release */,
			);
			defaultConfigurationIsVisible = 0;
			defaultConfigurationName = Release;
		};
		6443B60C29A51D6200EA9986 /* Build configuration list for PBXNativeTarget "DisplayimageAppTests" */ = {
			isa = XCConfigurationList;
			buildConfigurations = (
				6443B60D29A51D6200EA9986 /* Debug */,
				6443B60E29A51D6200EA9986 /* Release */,
			);
			defaultConfigurationIsVisible = 0;
			defaultConfigurationName = Release;
		};
		6443B60F29A51D6200EA9986 /* Build configuration list for PBXNativeTarget "DisplayimageAppUITests" */ = {
			isa = XCConfigurationList;
			buildConfigurations = (
				6443B61029A51D6200EA9986 /* Debug */,
				6443B61129A51D6200EA9986 /* Release */,
			);
			defaultConfigurationIsVisible = 0;
			defaultConfigurationName = Release;
		};
/* End XCConfigurationList section */
	};
	rootObject = 6443B5D729A51D5A00EA9986 /* Project object */;
}
